// !$*UTF8*$!
{
	archiveVersion = 1;
	classes = {
	};
	objectVersion = 56;
	objects = {

/* Begin PBXBuildFile section */
		443F3BD12B0FCF6A0099E614 /* main.swift in Sources */ = {isa = PBXBuildFile; fileRef = 443F3AD52B0FB9390099E614 /* main.swift */; };
		443F3BD22B0FCF6A0099E614 /* main.swift in Sources */ = {isa = PBXBuildFile; fileRef = 443F3AD52B0FB9390099E614 /* main.swift */; };
		443F3BD32B0FCF6B0099E614 /* main.swift in Sources */ = {isa = PBXBuildFile; fileRef = 443F3AD52B0FB9390099E614 /* main.swift */; };
		443F3BD42B0FCF6C0099E614 /* main.swift in Sources */ = {isa = PBXBuildFile; fileRef = 443F3AD52B0FB9390099E614 /* main.swift */; };
		443F3BD52B0FCF6C0099E614 /* main.swift in Sources */ = {isa = PBXBuildFile; fileRef = 443F3AD52B0FB9390099E614 /* main.swift */; };
		443F3BD62B0FCF6D0099E614 /* main.swift in Sources */ = {isa = PBXBuildFile; fileRef = 443F3AD52B0FB9390099E614 /* main.swift */; };
		443F3BD72B0FCF6E0099E614 /* main.swift in Sources */ = {isa = PBXBuildFile; fileRef = 443F3AD52B0FB9390099E614 /* main.swift */; };
		443F3BD82B0FCF6F0099E614 /* main.swift in Sources */ = {isa = PBXBuildFile; fileRef = 443F3AD52B0FB9390099E614 /* main.swift */; };
		443F3BD92B0FCF700099E614 /* main.swift in Sources */ = {isa = PBXBuildFile; fileRef = 443F3AD52B0FB9390099E614 /* main.swift */; };
		443F3BDA2B0FCF710099E614 /* main.swift in Sources */ = {isa = PBXBuildFile; fileRef = 443F3AD52B0FB9390099E614 /* main.swift */; };
		443F3BDB2B0FCF720099E614 /* main.swift in Sources */ = {isa = PBXBuildFile; fileRef = 443F3AD52B0FB9390099E614 /* main.swift */; };
		443F3BDC2B0FCF730099E614 /* main.swift in Sources */ = {isa = PBXBuildFile; fileRef = 443F3AD52B0FB9390099E614 /* main.swift */; };
		443F3BDD2B0FCF730099E614 /* main.swift in Sources */ = {isa = PBXBuildFile; fileRef = 443F3AD52B0FB9390099E614 /* main.swift */; };
		443F3BDE2B0FCF740099E614 /* main.swift in Sources */ = {isa = PBXBuildFile; fileRef = 443F3AD52B0FB9390099E614 /* main.swift */; };
		443F3BDF2B0FCF750099E614 /* main.swift in Sources */ = {isa = PBXBuildFile; fileRef = 443F3AD52B0FB9390099E614 /* main.swift */; };
		443F3BE02B0FCF750099E614 /* main.swift in Sources */ = {isa = PBXBuildFile; fileRef = 443F3AD52B0FB9390099E614 /* main.swift */; };
		443F3BE12B0FCF760099E614 /* main.swift in Sources */ = {isa = PBXBuildFile; fileRef = 443F3AD52B0FB9390099E614 /* main.swift */; };
		443F3BE22B0FCF770099E614 /* main.swift in Sources */ = {isa = PBXBuildFile; fileRef = 443F3AD52B0FB9390099E614 /* main.swift */; };
		443F3BE32B0FCF770099E614 /* main.swift in Sources */ = {isa = PBXBuildFile; fileRef = 443F3AD52B0FB9390099E614 /* main.swift */; };
		443F3BE42B0FCF780099E614 /* main.swift in Sources */ = {isa = PBXBuildFile; fileRef = 443F3AD52B0FB9390099E614 /* main.swift */; };
		443F3BE52B0FCF790099E614 /* main.swift in Sources */ = {isa = PBXBuildFile; fileRef = 443F3AD52B0FB9390099E614 /* main.swift */; };
		443F3BE62B0FCF790099E614 /* main.swift in Sources */ = {isa = PBXBuildFile; fileRef = 443F3AD52B0FB9390099E614 /* main.swift */; };
		443F3BE72B0FCF7A0099E614 /* main.swift in Sources */ = {isa = PBXBuildFile; fileRef = 443F3AD52B0FB9390099E614 /* main.swift */; };
		443F3BE82B0FCF7A0099E614 /* main.swift in Sources */ = {isa = PBXBuildFile; fileRef = 443F3AD52B0FB9390099E614 /* main.swift */; };
		443F3BE92B0FCF7B0099E614 /* main.swift in Sources */ = {isa = PBXBuildFile; fileRef = 443F3AD52B0FB9390099E614 /* main.swift */; };
		44DC27F22B0FD364007D9976 /* InputData.swift in Sources */ = {isa = PBXBuildFile; fileRef = 44DC27F02B0FD364007D9976 /* InputData.swift */; };
		44DC27F32B0FD364007D9976 /* Solution.swift in Sources */ = {isa = PBXBuildFile; fileRef = 44DC27F12B0FD364007D9976 /* Solution.swift */; };
		44DC28122B0FD4B9007D9976 /* Solution.swift in Sources */ = {isa = PBXBuildFile; fileRef = 44DC28102B0FD4B9007D9976 /* Solution.swift */; };
		44DC28132B0FD4B9007D9976 /* InputData.swift in Sources */ = {isa = PBXBuildFile; fileRef = 44DC28112B0FD4B9007D9976 /* InputData.swift */; };
		44DC28162B0FD4CD007D9976 /* InputData.swift in Sources */ = {isa = PBXBuildFile; fileRef = 44DC28142B0FD4CD007D9976 /* InputData.swift */; };
		44DC28172B0FD4CD007D9976 /* Solution.swift in Sources */ = {isa = PBXBuildFile; fileRef = 44DC28152B0FD4CD007D9976 /* Solution.swift */; };
		44DC281A2B0FD4DA007D9976 /* InputData.swift in Sources */ = {isa = PBXBuildFile; fileRef = 44DC28182B0FD4DA007D9976 /* InputData.swift */; };
		44DC281B2B0FD4DA007D9976 /* Solution.swift in Sources */ = {isa = PBXBuildFile; fileRef = 44DC28192B0FD4DA007D9976 /* Solution.swift */; };
		44DC281E2B0FD4E6007D9976 /* InputData.swift in Sources */ = {isa = PBXBuildFile; fileRef = 44DC281C2B0FD4E5007D9976 /* InputData.swift */; };
		44DC281F2B0FD4E6007D9976 /* Solution.swift in Sources */ = {isa = PBXBuildFile; fileRef = 44DC281D2B0FD4E6007D9976 /* Solution.swift */; };
		44DC28222B0FD4F1007D9976 /* InputData.swift in Sources */ = {isa = PBXBuildFile; fileRef = 44DC28202B0FD4F1007D9976 /* InputData.swift */; };
		44DC28232B0FD4F1007D9976 /* Solution.swift in Sources */ = {isa = PBXBuildFile; fileRef = 44DC28212B0FD4F1007D9976 /* Solution.swift */; };
		44DC28262B0FD4FC007D9976 /* InputData.swift in Sources */ = {isa = PBXBuildFile; fileRef = 44DC28242B0FD4FC007D9976 /* InputData.swift */; };
		44DC28272B0FD4FC007D9976 /* Solution.swift in Sources */ = {isa = PBXBuildFile; fileRef = 44DC28252B0FD4FC007D9976 /* Solution.swift */; };
		44DC282A2B0FD507007D9976 /* Solution.swift in Sources */ = {isa = PBXBuildFile; fileRef = 44DC28282B0FD506007D9976 /* Solution.swift */; };
		44DC282B2B0FD507007D9976 /* InputData.swift in Sources */ = {isa = PBXBuildFile; fileRef = 44DC28292B0FD507007D9976 /* InputData.swift */; };
		44DC282E2B0FD514007D9976 /* InputData.swift in Sources */ = {isa = PBXBuildFile; fileRef = 44DC282C2B0FD514007D9976 /* InputData.swift */; };
		44DC282F2B0FD514007D9976 /* Solution.swift in Sources */ = {isa = PBXBuildFile; fileRef = 44DC282D2B0FD514007D9976 /* Solution.swift */; };
		44DC28322B0FD521007D9976 /* InputData.swift in Sources */ = {isa = PBXBuildFile; fileRef = 44DC28302B0FD521007D9976 /* InputData.swift */; };
		44DC28332B0FD521007D9976 /* Solution.swift in Sources */ = {isa = PBXBuildFile; fileRef = 44DC28312B0FD521007D9976 /* Solution.swift */; };
		44DC28362B0FD52C007D9976 /* Solution.swift in Sources */ = {isa = PBXBuildFile; fileRef = 44DC28342B0FD52C007D9976 /* Solution.swift */; };
		44DC28372B0FD52C007D9976 /* InputData.swift in Sources */ = {isa = PBXBuildFile; fileRef = 44DC28352B0FD52C007D9976 /* InputData.swift */; };
		44DC283A2B0FD537007D9976 /* Solution.swift in Sources */ = {isa = PBXBuildFile; fileRef = 44DC28382B0FD537007D9976 /* Solution.swift */; };
		44DC283B2B0FD537007D9976 /* InputData.swift in Sources */ = {isa = PBXBuildFile; fileRef = 44DC28392B0FD537007D9976 /* InputData.swift */; };
		44DC283E2B0FD541007D9976 /* InputData.swift in Sources */ = {isa = PBXBuildFile; fileRef = 44DC283C2B0FD541007D9976 /* InputData.swift */; };
		44DC283F2B0FD541007D9976 /* Solution.swift in Sources */ = {isa = PBXBuildFile; fileRef = 44DC283D2B0FD541007D9976 /* Solution.swift */; };
		44DC28422B0FD54D007D9976 /* Solution.swift in Sources */ = {isa = PBXBuildFile; fileRef = 44DC28402B0FD54D007D9976 /* Solution.swift */; };
		44DC28432B0FD54D007D9976 /* InputData.swift in Sources */ = {isa = PBXBuildFile; fileRef = 44DC28412B0FD54D007D9976 /* InputData.swift */; };
		44DC28462B0FD559007D9976 /* InputData.swift in Sources */ = {isa = PBXBuildFile; fileRef = 44DC28442B0FD559007D9976 /* InputData.swift */; };
		44DC28472B0FD559007D9976 /* Solution.swift in Sources */ = {isa = PBXBuildFile; fileRef = 44DC28452B0FD559007D9976 /* Solution.swift */; };
		44DC284A2B0FD565007D9976 /* Solution.swift in Sources */ = {isa = PBXBuildFile; fileRef = 44DC28482B0FD565007D9976 /* Solution.swift */; };
		44DC284B2B0FD565007D9976 /* InputData.swift in Sources */ = {isa = PBXBuildFile; fileRef = 44DC28492B0FD565007D9976 /* InputData.swift */; };
		44DC284E2B0FD572007D9976 /* InputData.swift in Sources */ = {isa = PBXBuildFile; fileRef = 44DC284C2B0FD572007D9976 /* InputData.swift */; };
		44DC284F2B0FD572007D9976 /* Solution.swift in Sources */ = {isa = PBXBuildFile; fileRef = 44DC284D2B0FD572007D9976 /* Solution.swift */; };
		44DC28522B0FD57E007D9976 /* InputData.swift in Sources */ = {isa = PBXBuildFile; fileRef = 44DC28502B0FD57E007D9976 /* InputData.swift */; };
		44DC28532B0FD57E007D9976 /* Solution.swift in Sources */ = {isa = PBXBuildFile; fileRef = 44DC28512B0FD57E007D9976 /* Solution.swift */; };
		44DC28562B0FD589007D9976 /* InputData.swift in Sources */ = {isa = PBXBuildFile; fileRef = 44DC28542B0FD589007D9976 /* InputData.swift */; };
		44DC28572B0FD589007D9976 /* Solution.swift in Sources */ = {isa = PBXBuildFile; fileRef = 44DC28552B0FD589007D9976 /* Solution.swift */; };
		44DC285A2B0FD594007D9976 /* InputData.swift in Sources */ = {isa = PBXBuildFile; fileRef = 44DC28582B0FD594007D9976 /* InputData.swift */; };
		44DC285B2B0FD594007D9976 /* Solution.swift in Sources */ = {isa = PBXBuildFile; fileRef = 44DC28592B0FD594007D9976 /* Solution.swift */; };
		44DC285E2B0FD59E007D9976 /* Solution.swift in Sources */ = {isa = PBXBuildFile; fileRef = 44DC285C2B0FD59E007D9976 /* Solution.swift */; };
		44DC285F2B0FD59E007D9976 /* InputData.swift in Sources */ = {isa = PBXBuildFile; fileRef = 44DC285D2B0FD59E007D9976 /* InputData.swift */; };
		44DC28622B0FD5AA007D9976 /* Solution.swift in Sources */ = {isa = PBXBuildFile; fileRef = 44DC28602B0FD5AA007D9976 /* Solution.swift */; };
		44DC28632B0FD5AA007D9976 /* InputData.swift in Sources */ = {isa = PBXBuildFile; fileRef = 44DC28612B0FD5AA007D9976 /* InputData.swift */; };
		44DC28662B0FD5B4007D9976 /* Solution.swift in Sources */ = {isa = PBXBuildFile; fileRef = 44DC28642B0FD5B4007D9976 /* Solution.swift */; };
		44DC28672B0FD5B4007D9976 /* InputData.swift in Sources */ = {isa = PBXBuildFile; fileRef = 44DC28652B0FD5B4007D9976 /* InputData.swift */; };
		44DC286A2B0FD5BF007D9976 /* InputData.swift in Sources */ = {isa = PBXBuildFile; fileRef = 44DC28682B0FD5BF007D9976 /* InputData.swift */; };
		44DC286B2B0FD5BF007D9976 /* Solution.swift in Sources */ = {isa = PBXBuildFile; fileRef = 44DC28692B0FD5BF007D9976 /* Solution.swift */; };
		44DC286E2B0FD5CA007D9976 /* InputData.swift in Sources */ = {isa = PBXBuildFile; fileRef = 44DC286C2B0FD5CA007D9976 /* InputData.swift */; };
		44DC286F2B0FD5CA007D9976 /* Solution.swift in Sources */ = {isa = PBXBuildFile; fileRef = 44DC286D2B0FD5CA007D9976 /* Solution.swift */; };
/* End PBXBuildFile section */

/* Begin PBXCopyFilesBuildPhase section */
		443F3AF02B0FCEAE0099E614 /* CopyFiles */ = {
			isa = PBXCopyFilesBuildPhase;
			buildActionMask = 2147483647;
			dstPath = /usr/share/man/man1/;
			dstSubfolderSpec = 0;
			files = (
			);
			runOnlyForDeploymentPostprocessing = 1;
		};
		443F3AFD2B0FCEB20099E614 /* CopyFiles */ = {
			isa = PBXCopyFilesBuildPhase;
			buildActionMask = 2147483647;
			dstPath = /usr/share/man/man1/;
			dstSubfolderSpec = 0;
			files = (
			);
			runOnlyForDeploymentPostprocessing = 1;
		};
		443F3B062B0FCEB60099E614 /* CopyFiles */ = {
			isa = PBXCopyFilesBuildPhase;
			buildActionMask = 2147483647;
			dstPath = /usr/share/man/man1/;
			dstSubfolderSpec = 0;
			files = (
			);
			runOnlyForDeploymentPostprocessing = 1;
		};
		443F3B0F2B0FCEB70099E614 /* CopyFiles */ = {
			isa = PBXCopyFilesBuildPhase;
			buildActionMask = 2147483647;
			dstPath = /usr/share/man/man1/;
			dstSubfolderSpec = 0;
			files = (
			);
			runOnlyForDeploymentPostprocessing = 1;
		};
		443F3B182B0FCEB90099E614 /* CopyFiles */ = {
			isa = PBXCopyFilesBuildPhase;
			buildActionMask = 2147483647;
			dstPath = /usr/share/man/man1/;
			dstSubfolderSpec = 0;
			files = (
			);
			runOnlyForDeploymentPostprocessing = 1;
		};
		443F3B212B0FCEBA0099E614 /* CopyFiles */ = {
			isa = PBXCopyFilesBuildPhase;
			buildActionMask = 2147483647;
			dstPath = /usr/share/man/man1/;
			dstSubfolderSpec = 0;
			files = (
			);
			runOnlyForDeploymentPostprocessing = 1;
		};
		443F3B2A2B0FCEBD0099E614 /* CopyFiles */ = {
			isa = PBXCopyFilesBuildPhase;
			buildActionMask = 2147483647;
			dstPath = /usr/share/man/man1/;
			dstSubfolderSpec = 0;
			files = (
			);
			runOnlyForDeploymentPostprocessing = 1;
		};
		443F3B332B0FCEC00099E614 /* CopyFiles */ = {
			isa = PBXCopyFilesBuildPhase;
			buildActionMask = 2147483647;
			dstPath = /usr/share/man/man1/;
			dstSubfolderSpec = 0;
			files = (
			);
			runOnlyForDeploymentPostprocessing = 1;
		};
		443F3B3C2B0FCEC00099E614 /* CopyFiles */ = {
			isa = PBXCopyFilesBuildPhase;
			buildActionMask = 2147483647;
			dstPath = /usr/share/man/man1/;
			dstSubfolderSpec = 0;
			files = (
			);
			runOnlyForDeploymentPostprocessing = 1;
		};
		443F3B452B0FCEC10099E614 /* CopyFiles */ = {
			isa = PBXCopyFilesBuildPhase;
			buildActionMask = 2147483647;
			dstPath = /usr/share/man/man1/;
			dstSubfolderSpec = 0;
			files = (
			);
			runOnlyForDeploymentPostprocessing = 1;
		};
		443F3B4E2B0FCEF80099E614 /* CopyFiles */ = {
			isa = PBXCopyFilesBuildPhase;
			buildActionMask = 2147483647;
			dstPath = /usr/share/man/man1/;
			dstSubfolderSpec = 0;
			files = (
			);
			runOnlyForDeploymentPostprocessing = 1;
		};
		443F3B572B0FCEFA0099E614 /* CopyFiles */ = {
			isa = PBXCopyFilesBuildPhase;
			buildActionMask = 2147483647;
			dstPath = /usr/share/man/man1/;
			dstSubfolderSpec = 0;
			files = (
			);
			runOnlyForDeploymentPostprocessing = 1;
		};
		443F3B602B0FCEFC0099E614 /* CopyFiles */ = {
			isa = PBXCopyFilesBuildPhase;
			buildActionMask = 2147483647;
			dstPath = /usr/share/man/man1/;
			dstSubfolderSpec = 0;
			files = (
			);
			runOnlyForDeploymentPostprocessing = 1;
		};
		443F3B692B0FCEFD0099E614 /* CopyFiles */ = {
			isa = PBXCopyFilesBuildPhase;
			buildActionMask = 2147483647;
			dstPath = /usr/share/man/man1/;
			dstSubfolderSpec = 0;
			files = (
			);
			runOnlyForDeploymentPostprocessing = 1;
		};
		443F3B722B0FCEFF0099E614 /* CopyFiles */ = {
			isa = PBXCopyFilesBuildPhase;
			buildActionMask = 2147483647;
			dstPath = /usr/share/man/man1/;
			dstSubfolderSpec = 0;
			files = (
			);
			runOnlyForDeploymentPostprocessing = 1;
		};
		443F3B7B2B0FCF010099E614 /* CopyFiles */ = {
			isa = PBXCopyFilesBuildPhase;
			buildActionMask = 2147483647;
			dstPath = /usr/share/man/man1/;
			dstSubfolderSpec = 0;
			files = (
			);
			runOnlyForDeploymentPostprocessing = 1;
		};
		443F3B842B0FCF020099E614 /* CopyFiles */ = {
			isa = PBXCopyFilesBuildPhase;
			buildActionMask = 2147483647;
			dstPath = /usr/share/man/man1/;
			dstSubfolderSpec = 0;
			files = (
			);
			runOnlyForDeploymentPostprocessing = 1;
		};
		443F3B8D2B0FCF030099E614 /* CopyFiles */ = {
			isa = PBXCopyFilesBuildPhase;
			buildActionMask = 2147483647;
			dstPath = /usr/share/man/man1/;
			dstSubfolderSpec = 0;
			files = (
			);
			runOnlyForDeploymentPostprocessing = 1;
		};
		443F3B962B0FCF040099E614 /* CopyFiles */ = {
			isa = PBXCopyFilesBuildPhase;
			buildActionMask = 2147483647;
			dstPath = /usr/share/man/man1/;
			dstSubfolderSpec = 0;
			files = (
			);
			runOnlyForDeploymentPostprocessing = 1;
		};
		443F3B9F2B0FCF050099E614 /* CopyFiles */ = {
			isa = PBXCopyFilesBuildPhase;
			buildActionMask = 2147483647;
			dstPath = /usr/share/man/man1/;
			dstSubfolderSpec = 0;
			files = (
			);
			runOnlyForDeploymentPostprocessing = 1;
		};
		443F3BA82B0FCF3D0099E614 /* CopyFiles */ = {
			isa = PBXCopyFilesBuildPhase;
			buildActionMask = 2147483647;
			dstPath = /usr/share/man/man1/;
			dstSubfolderSpec = 0;
			files = (
			);
			runOnlyForDeploymentPostprocessing = 1;
		};
		443F3BB12B0FCF3E0099E614 /* CopyFiles */ = {
			isa = PBXCopyFilesBuildPhase;
			buildActionMask = 2147483647;
			dstPath = /usr/share/man/man1/;
			dstSubfolderSpec = 0;
			files = (
			);
			runOnlyForDeploymentPostprocessing = 1;
		};
		443F3BBA2B0FCF3F0099E614 /* CopyFiles */ = {
			isa = PBXCopyFilesBuildPhase;
			buildActionMask = 2147483647;
			dstPath = /usr/share/man/man1/;
			dstSubfolderSpec = 0;
			files = (
			);
			runOnlyForDeploymentPostprocessing = 1;
		};
		443F3BC32B0FCF400099E614 /* CopyFiles */ = {
			isa = PBXCopyFilesBuildPhase;
			buildActionMask = 2147483647;
			dstPath = /usr/share/man/man1/;
			dstSubfolderSpec = 0;
			files = (
			);
			runOnlyForDeploymentPostprocessing = 1;
		};
		443F3BCC2B0FCF420099E614 /* CopyFiles */ = {
			isa = PBXCopyFilesBuildPhase;
			buildActionMask = 2147483647;
			dstPath = /usr/share/man/man1/;
			dstSubfolderSpec = 0;
			files = (
			);
			runOnlyForDeploymentPostprocessing = 1;
		};
/* End PBXCopyFilesBuildPhase section */

/* Begin PBXFileReference section */
		443F3AD52B0FB9390099E614 /* main.swift */ = {isa = PBXFileReference; fileEncoding = 4; lastKnownFileType = sourcecode.swift; path = main.swift; sourceTree = "<group>"; };
		443F3AF22B0FCEAE0099E614 /* Day 01 */ = {isa = PBXFileReference; explicitFileType = "compiled.mach-o.executable"; includeInIndex = 0; path = "Day 01"; sourceTree = BUILT_PRODUCTS_DIR; };
		443F3B012B0FCEB20099E614 /* Day 02 */ = {isa = PBXFileReference; explicitFileType = "compiled.mach-o.executable"; includeInIndex = 0; path = "Day 02"; sourceTree = BUILT_PRODUCTS_DIR; };
		443F3B0A2B0FCEB60099E614 /* Day 03 */ = {isa = PBXFileReference; explicitFileType = "compiled.mach-o.executable"; includeInIndex = 0; path = "Day 03"; sourceTree = BUILT_PRODUCTS_DIR; };
		443F3B132B0FCEB70099E614 /* Day 04 */ = {isa = PBXFileReference; explicitFileType = "compiled.mach-o.executable"; includeInIndex = 0; path = "Day 04"; sourceTree = BUILT_PRODUCTS_DIR; };
		443F3B1C2B0FCEB90099E614 /* Day 05 */ = {isa = PBXFileReference; explicitFileType = "compiled.mach-o.executable"; includeInIndex = 0; path = "Day 05"; sourceTree = BUILT_PRODUCTS_DIR; };
		443F3B252B0FCEBA0099E614 /* Day 06 */ = {isa = PBXFileReference; explicitFileType = "compiled.mach-o.executable"; includeInIndex = 0; path = "Day 06"; sourceTree = BUILT_PRODUCTS_DIR; };
		443F3B2E2B0FCEBD0099E614 /* Day 07 */ = {isa = PBXFileReference; explicitFileType = "compiled.mach-o.executable"; includeInIndex = 0; path = "Day 07"; sourceTree = BUILT_PRODUCTS_DIR; };
		443F3B372B0FCEC00099E614 /* Day 08 */ = {isa = PBXFileReference; explicitFileType = "compiled.mach-o.executable"; includeInIndex = 0; path = "Day 08"; sourceTree = BUILT_PRODUCTS_DIR; };
		443F3B402B0FCEC00099E614 /* Day 09 */ = {isa = PBXFileReference; explicitFileType = "compiled.mach-o.executable"; includeInIndex = 0; path = "Day 09"; sourceTree = BUILT_PRODUCTS_DIR; };
		443F3B492B0FCEC10099E614 /* Day 10 */ = {isa = PBXFileReference; explicitFileType = "compiled.mach-o.executable"; includeInIndex = 0; path = "Day 10"; sourceTree = BUILT_PRODUCTS_DIR; };
		443F3B522B0FCEF80099E614 /* Day 11 */ = {isa = PBXFileReference; explicitFileType = "compiled.mach-o.executable"; includeInIndex = 0; path = "Day 11"; sourceTree = BUILT_PRODUCTS_DIR; };
		443F3B5B2B0FCEFA0099E614 /* Day 12 */ = {isa = PBXFileReference; explicitFileType = "compiled.mach-o.executable"; includeInIndex = 0; path = "Day 12"; sourceTree = BUILT_PRODUCTS_DIR; };
		443F3B642B0FCEFC0099E614 /* Day 13 */ = {isa = PBXFileReference; explicitFileType = "compiled.mach-o.executable"; includeInIndex = 0; path = "Day 13"; sourceTree = BUILT_PRODUCTS_DIR; };
		443F3B6D2B0FCEFD0099E614 /* Day 14 */ = {isa = PBXFileReference; explicitFileType = "compiled.mach-o.executable"; includeInIndex = 0; path = "Day 14"; sourceTree = BUILT_PRODUCTS_DIR; };
		443F3B762B0FCEFF0099E614 /* Day 15 */ = {isa = PBXFileReference; explicitFileType = "compiled.mach-o.executable"; includeInIndex = 0; path = "Day 15"; sourceTree = BUILT_PRODUCTS_DIR; };
		443F3B7F2B0FCF010099E614 /* Day 16 */ = {isa = PBXFileReference; explicitFileType = "compiled.mach-o.executable"; includeInIndex = 0; path = "Day 16"; sourceTree = BUILT_PRODUCTS_DIR; };
		443F3B882B0FCF020099E614 /* Day 17 */ = {isa = PBXFileReference; explicitFileType = "compiled.mach-o.executable"; includeInIndex = 0; path = "Day 17"; sourceTree = BUILT_PRODUCTS_DIR; };
		443F3B912B0FCF030099E614 /* Day 18 */ = {isa = PBXFileReference; explicitFileType = "compiled.mach-o.executable"; includeInIndex = 0; path = "Day 18"; sourceTree = BUILT_PRODUCTS_DIR; };
		443F3B9A2B0FCF040099E614 /* Day 19 */ = {isa = PBXFileReference; explicitFileType = "compiled.mach-o.executable"; includeInIndex = 0; path = "Day 19"; sourceTree = BUILT_PRODUCTS_DIR; };
		443F3BA32B0FCF050099E614 /* Day 20 */ = {isa = PBXFileReference; explicitFileType = "compiled.mach-o.executable"; includeInIndex = 0; path = "Day 20"; sourceTree = BUILT_PRODUCTS_DIR; };
		443F3BAC2B0FCF3D0099E614 /* Day 21 */ = {isa = PBXFileReference; explicitFileType = "compiled.mach-o.executable"; includeInIndex = 0; path = "Day 21"; sourceTree = BUILT_PRODUCTS_DIR; };
		443F3BB52B0FCF3E0099E614 /* Day 22 */ = {isa = PBXFileReference; explicitFileType = "compiled.mach-o.executable"; includeInIndex = 0; path = "Day 22"; sourceTree = BUILT_PRODUCTS_DIR; };
		443F3BBE2B0FCF3F0099E614 /* Day 23 */ = {isa = PBXFileReference; explicitFileType = "compiled.mach-o.executable"; includeInIndex = 0; path = "Day 23"; sourceTree = BUILT_PRODUCTS_DIR; };
		443F3BC72B0FCF400099E614 /* Day 24 */ = {isa = PBXFileReference; explicitFileType = "compiled.mach-o.executable"; includeInIndex = 0; path = "Day 24"; sourceTree = BUILT_PRODUCTS_DIR; };
		443F3BD02B0FCF420099E614 /* Day 25 */ = {isa = PBXFileReference; explicitFileType = "compiled.mach-o.executable"; includeInIndex = 0; path = "Day 25"; sourceTree = BUILT_PRODUCTS_DIR; };
		44DC27F02B0FD364007D9976 /* InputData.swift */ = {isa = PBXFileReference; fileEncoding = 4; lastKnownFileType = sourcecode.swift; name = InputData.swift; path = "Day 01/InputData.swift"; sourceTree = "<group>"; };
		44DC27F12B0FD364007D9976 /* Solution.swift */ = {isa = PBXFileReference; fileEncoding = 4; lastKnownFileType = sourcecode.swift; name = Solution.swift; path = "Day 01/Solution.swift"; sourceTree = "<group>"; };
		44DC28102B0FD4B9007D9976 /* Solution.swift */ = {isa = PBXFileReference; fileEncoding = 4; lastKnownFileType = sourcecode.swift; name = Solution.swift; path = "Day 02/Solution.swift"; sourceTree = "<group>"; };
		44DC28112B0FD4B9007D9976 /* InputData.swift */ = {isa = PBXFileReference; fileEncoding = 4; lastKnownFileType = sourcecode.swift; name = InputData.swift; path = "Day 02/InputData.swift"; sourceTree = "<group>"; };
		44DC28142B0FD4CD007D9976 /* InputData.swift */ = {isa = PBXFileReference; fileEncoding = 4; lastKnownFileType = sourcecode.swift; name = InputData.swift; path = "Day 03/InputData.swift"; sourceTree = "<group>"; };
		44DC28152B0FD4CD007D9976 /* Solution.swift */ = {isa = PBXFileReference; fileEncoding = 4; lastKnownFileType = sourcecode.swift; name = Solution.swift; path = "Day 03/Solution.swift"; sourceTree = "<group>"; };
		44DC28182B0FD4DA007D9976 /* InputData.swift */ = {isa = PBXFileReference; fileEncoding = 4; lastKnownFileType = sourcecode.swift; name = InputData.swift; path = "Day 04/InputData.swift"; sourceTree = "<group>"; };
		44DC28192B0FD4DA007D9976 /* Solution.swift */ = {isa = PBXFileReference; fileEncoding = 4; lastKnownFileType = sourcecode.swift; name = Solution.swift; path = "Day 04/Solution.swift"; sourceTree = "<group>"; };
		44DC281C2B0FD4E5007D9976 /* InputData.swift */ = {isa = PBXFileReference; fileEncoding = 4; lastKnownFileType = sourcecode.swift; name = InputData.swift; path = "Day 05/InputData.swift"; sourceTree = "<group>"; };
		44DC281D2B0FD4E6007D9976 /* Solution.swift */ = {isa = PBXFileReference; fileEncoding = 4; lastKnownFileType = sourcecode.swift; name = Solution.swift; path = "Day 05/Solution.swift"; sourceTree = "<group>"; };
		44DC28202B0FD4F1007D9976 /* InputData.swift */ = {isa = PBXFileReference; fileEncoding = 4; lastKnownFileType = sourcecode.swift; name = InputData.swift; path = "Day 06/InputData.swift"; sourceTree = "<group>"; };
		44DC28212B0FD4F1007D9976 /* Solution.swift */ = {isa = PBXFileReference; fileEncoding = 4; lastKnownFileType = sourcecode.swift; name = Solution.swift; path = "Day 06/Solution.swift"; sourceTree = "<group>"; };
		44DC28242B0FD4FC007D9976 /* InputData.swift */ = {isa = PBXFileReference; fileEncoding = 4; lastKnownFileType = sourcecode.swift; name = InputData.swift; path = "Day 07/InputData.swift"; sourceTree = "<group>"; };
		44DC28252B0FD4FC007D9976 /* Solution.swift */ = {isa = PBXFileReference; fileEncoding = 4; lastKnownFileType = sourcecode.swift; name = Solution.swift; path = "Day 07/Solution.swift"; sourceTree = "<group>"; };
		44DC28282B0FD506007D9976 /* Solution.swift */ = {isa = PBXFileReference; fileEncoding = 4; lastKnownFileType = sourcecode.swift; name = Solution.swift; path = "Day 08/Solution.swift"; sourceTree = "<group>"; };
		44DC28292B0FD507007D9976 /* InputData.swift */ = {isa = PBXFileReference; fileEncoding = 4; lastKnownFileType = sourcecode.swift; name = InputData.swift; path = "Day 08/InputData.swift"; sourceTree = "<group>"; };
		44DC282C2B0FD514007D9976 /* InputData.swift */ = {isa = PBXFileReference; fileEncoding = 4; lastKnownFileType = sourcecode.swift; name = InputData.swift; path = "Day 09/InputData.swift"; sourceTree = "<group>"; };
		44DC282D2B0FD514007D9976 /* Solution.swift */ = {isa = PBXFileReference; fileEncoding = 4; lastKnownFileType = sourcecode.swift; name = Solution.swift; path = "Day 09/Solution.swift"; sourceTree = "<group>"; };
		44DC28302B0FD521007D9976 /* InputData.swift */ = {isa = PBXFileReference; fileEncoding = 4; lastKnownFileType = sourcecode.swift; name = InputData.swift; path = "Day 10/InputData.swift"; sourceTree = "<group>"; };
		44DC28312B0FD521007D9976 /* Solution.swift */ = {isa = PBXFileReference; fileEncoding = 4; lastKnownFileType = sourcecode.swift; name = Solution.swift; path = "Day 10/Solution.swift"; sourceTree = "<group>"; };
		44DC28342B0FD52C007D9976 /* Solution.swift */ = {isa = PBXFileReference; fileEncoding = 4; lastKnownFileType = sourcecode.swift; name = Solution.swift; path = "Day 11/Solution.swift"; sourceTree = "<group>"; };
		44DC28352B0FD52C007D9976 /* InputData.swift */ = {isa = PBXFileReference; fileEncoding = 4; lastKnownFileType = sourcecode.swift; name = InputData.swift; path = "Day 11/InputData.swift"; sourceTree = "<group>"; };
		44DC28382B0FD537007D9976 /* Solution.swift */ = {isa = PBXFileReference; fileEncoding = 4; lastKnownFileType = sourcecode.swift; name = Solution.swift; path = "Day 12/Solution.swift"; sourceTree = "<group>"; };
		44DC28392B0FD537007D9976 /* InputData.swift */ = {isa = PBXFileReference; fileEncoding = 4; lastKnownFileType = sourcecode.swift; name = InputData.swift; path = "Day 12/InputData.swift"; sourceTree = "<group>"; };
		44DC283C2B0FD541007D9976 /* InputData.swift */ = {isa = PBXFileReference; fileEncoding = 4; lastKnownFileType = sourcecode.swift; name = InputData.swift; path = "Day 13/InputData.swift"; sourceTree = "<group>"; };
		44DC283D2B0FD541007D9976 /* Solution.swift */ = {isa = PBXFileReference; fileEncoding = 4; lastKnownFileType = sourcecode.swift; name = Solution.swift; path = "Day 13/Solution.swift"; sourceTree = "<group>"; };
		44DC28402B0FD54D007D9976 /* Solution.swift */ = {isa = PBXFileReference; fileEncoding = 4; lastKnownFileType = sourcecode.swift; name = Solution.swift; path = "Day 14/Solution.swift"; sourceTree = "<group>"; };
		44DC28412B0FD54D007D9976 /* InputData.swift */ = {isa = PBXFileReference; fileEncoding = 4; lastKnownFileType = sourcecode.swift; name = InputData.swift; path = "Day 14/InputData.swift"; sourceTree = "<group>"; };
		44DC28442B0FD559007D9976 /* InputData.swift */ = {isa = PBXFileReference; fileEncoding = 4; lastKnownFileType = sourcecode.swift; name = InputData.swift; path = "Day 15/InputData.swift"; sourceTree = "<group>"; };
		44DC28452B0FD559007D9976 /* Solution.swift */ = {isa = PBXFileReference; fileEncoding = 4; lastKnownFileType = sourcecode.swift; name = Solution.swift; path = "Day 15/Solution.swift"; sourceTree = "<group>"; };
		44DC28482B0FD565007D9976 /* Solution.swift */ = {isa = PBXFileReference; fileEncoding = 4; lastKnownFileType = sourcecode.swift; name = Solution.swift; path = "Day 16/Solution.swift"; sourceTree = "<group>"; };
		44DC28492B0FD565007D9976 /* InputData.swift */ = {isa = PBXFileReference; fileEncoding = 4; lastKnownFileType = sourcecode.swift; name = InputData.swift; path = "Day 16/InputData.swift"; sourceTree = "<group>"; };
		44DC284C2B0FD572007D9976 /* InputData.swift */ = {isa = PBXFileReference; fileEncoding = 4; lastKnownFileType = sourcecode.swift; name = InputData.swift; path = "Day 17/InputData.swift"; sourceTree = "<group>"; };
		44DC284D2B0FD572007D9976 /* Solution.swift */ = {isa = PBXFileReference; fileEncoding = 4; lastKnownFileType = sourcecode.swift; name = Solution.swift; path = "Day 17/Solution.swift"; sourceTree = "<group>"; };
		44DC28502B0FD57E007D9976 /* InputData.swift */ = {isa = PBXFileReference; fileEncoding = 4; lastKnownFileType = sourcecode.swift; name = InputData.swift; path = "Day 18/InputData.swift"; sourceTree = "<group>"; };
		44DC28512B0FD57E007D9976 /* Solution.swift */ = {isa = PBXFileReference; fileEncoding = 4; lastKnownFileType = sourcecode.swift; name = Solution.swift; path = "Day 18/Solution.swift"; sourceTree = "<group>"; };
		44DC28542B0FD589007D9976 /* InputData.swift */ = {isa = PBXFileReference; fileEncoding = 4; lastKnownFileType = sourcecode.swift; name = InputData.swift; path = "Day 19/InputData.swift"; sourceTree = "<group>"; };
		44DC28552B0FD589007D9976 /* Solution.swift */ = {isa = PBXFileReference; fileEncoding = 4; lastKnownFileType = sourcecode.swift; name = Solution.swift; path = "Day 19/Solution.swift"; sourceTree = "<group>"; };
		44DC28582B0FD594007D9976 /* InputData.swift */ = {isa = PBXFileReference; fileEncoding = 4; lastKnownFileType = sourcecode.swift; name = InputData.swift; path = "Day 20/InputData.swift"; sourceTree = "<group>"; };
		44DC28592B0FD594007D9976 /* Solution.swift */ = {isa = PBXFileReference; fileEncoding = 4; lastKnownFileType = sourcecode.swift; name = Solution.swift; path = "Day 20/Solution.swift"; sourceTree = "<group>"; };
		44DC285C2B0FD59E007D9976 /* Solution.swift */ = {isa = PBXFileReference; fileEncoding = 4; lastKnownFileType = sourcecode.swift; name = Solution.swift; path = "Day 21/Solution.swift"; sourceTree = "<group>"; };
		44DC285D2B0FD59E007D9976 /* InputData.swift */ = {isa = PBXFileReference; fileEncoding = 4; lastKnownFileType = sourcecode.swift; name = InputData.swift; path = "Day 21/InputData.swift"; sourceTree = "<group>"; };
		44DC28602B0FD5AA007D9976 /* Solution.swift */ = {isa = PBXFileReference; fileEncoding = 4; lastKnownFileType = sourcecode.swift; name = Solution.swift; path = "Day 22/Solution.swift"; sourceTree = "<group>"; };
		44DC28612B0FD5AA007D9976 /* InputData.swift */ = {isa = PBXFileReference; fileEncoding = 4; lastKnownFileType = sourcecode.swift; name = InputData.swift; path = "Day 22/InputData.swift"; sourceTree = "<group>"; };
		44DC28642B0FD5B4007D9976 /* Solution.swift */ = {isa = PBXFileReference; fileEncoding = 4; lastKnownFileType = sourcecode.swift; name = Solution.swift; path = "Day 23/Solution.swift"; sourceTree = "<group>"; };
		44DC28652B0FD5B4007D9976 /* InputData.swift */ = {isa = PBXFileReference; fileEncoding = 4; lastKnownFileType = sourcecode.swift; name = InputData.swift; path = "Day 23/InputData.swift"; sourceTree = "<group>"; };
		44DC28682B0FD5BF007D9976 /* InputData.swift */ = {isa = PBXFileReference; fileEncoding = 4; lastKnownFileType = sourcecode.swift; name = InputData.swift; path = "Day 24/InputData.swift"; sourceTree = "<group>"; };
		44DC28692B0FD5BF007D9976 /* Solution.swift */ = {isa = PBXFileReference; fileEncoding = 4; lastKnownFileType = sourcecode.swift; name = Solution.swift; path = "Day 24/Solution.swift"; sourceTree = "<group>"; };
		44DC286C2B0FD5CA007D9976 /* InputData.swift */ = {isa = PBXFileReference; fileEncoding = 4; lastKnownFileType = sourcecode.swift; name = InputData.swift; path = "Day 25/InputData.swift"; sourceTree = "<group>"; };
		44DC286D2B0FD5CA007D9976 /* Solution.swift */ = {isa = PBXFileReference; fileEncoding = 4; lastKnownFileType = sourcecode.swift; name = Solution.swift; path = "Day 25/Solution.swift"; sourceTree = "<group>"; };
/* End PBXFileReference section */

/* Begin PBXFrameworksBuildPhase section */
		443F3AEF2B0FCEAE0099E614 /* Frameworks */ = {
			isa = PBXFrameworksBuildPhase;
			buildActionMask = 2147483647;
			files = (
			);
			runOnlyForDeploymentPostprocessing = 0;
		};
		443F3AFC2B0FCEB20099E614 /* Frameworks */ = {
			isa = PBXFrameworksBuildPhase;
			buildActionMask = 2147483647;
			files = (
			);
			runOnlyForDeploymentPostprocessing = 0;
		};
		443F3B052B0FCEB60099E614 /* Frameworks */ = {
			isa = PBXFrameworksBuildPhase;
			buildActionMask = 2147483647;
			files = (
			);
			runOnlyForDeploymentPostprocessing = 0;
		};
		443F3B0E2B0FCEB70099E614 /* Frameworks */ = {
			isa = PBXFrameworksBuildPhase;
			buildActionMask = 2147483647;
			files = (
			);
			runOnlyForDeploymentPostprocessing = 0;
		};
		443F3B172B0FCEB90099E614 /* Frameworks */ = {
			isa = PBXFrameworksBuildPhase;
			buildActionMask = 2147483647;
			files = (
			);
			runOnlyForDeploymentPostprocessing = 0;
		};
		443F3B202B0FCEBA0099E614 /* Frameworks */ = {
			isa = PBXFrameworksBuildPhase;
			buildActionMask = 2147483647;
			files = (
			);
			runOnlyForDeploymentPostprocessing = 0;
		};
		443F3B292B0FCEBD0099E614 /* Frameworks */ = {
			isa = PBXFrameworksBuildPhase;
			buildActionMask = 2147483647;
			files = (
			);
			runOnlyForDeploymentPostprocessing = 0;
		};
		443F3B322B0FCEC00099E614 /* Frameworks */ = {
			isa = PBXFrameworksBuildPhase;
			buildActionMask = 2147483647;
			files = (
			);
			runOnlyForDeploymentPostprocessing = 0;
		};
		443F3B3B2B0FCEC00099E614 /* Frameworks */ = {
			isa = PBXFrameworksBuildPhase;
			buildActionMask = 2147483647;
			files = (
			);
			runOnlyForDeploymentPostprocessing = 0;
		};
		443F3B442B0FCEC10099E614 /* Frameworks */ = {
			isa = PBXFrameworksBuildPhase;
			buildActionMask = 2147483647;
			files = (
			);
			runOnlyForDeploymentPostprocessing = 0;
		};
		443F3B4D2B0FCEF80099E614 /* Frameworks */ = {
			isa = PBXFrameworksBuildPhase;
			buildActionMask = 2147483647;
			files = (
			);
			runOnlyForDeploymentPostprocessing = 0;
		};
		443F3B562B0FCEFA0099E614 /* Frameworks */ = {
			isa = PBXFrameworksBuildPhase;
			buildActionMask = 2147483647;
			files = (
			);
			runOnlyForDeploymentPostprocessing = 0;
		};
		443F3B5F2B0FCEFC0099E614 /* Frameworks */ = {
			isa = PBXFrameworksBuildPhase;
			buildActionMask = 2147483647;
			files = (
			);
			runOnlyForDeploymentPostprocessing = 0;
		};
		443F3B682B0FCEFD0099E614 /* Frameworks */ = {
			isa = PBXFrameworksBuildPhase;
			buildActionMask = 2147483647;
			files = (
			);
			runOnlyForDeploymentPostprocessing = 0;
		};
		443F3B712B0FCEFF0099E614 /* Frameworks */ = {
			isa = PBXFrameworksBuildPhase;
			buildActionMask = 2147483647;
			files = (
			);
			runOnlyForDeploymentPostprocessing = 0;
		};
		443F3B7A2B0FCF010099E614 /* Frameworks */ = {
			isa = PBXFrameworksBuildPhase;
			buildActionMask = 2147483647;
			files = (
			);
			runOnlyForDeploymentPostprocessing = 0;
		};
		443F3B832B0FCF020099E614 /* Frameworks */ = {
			isa = PBXFrameworksBuildPhase;
			buildActionMask = 2147483647;
			files = (
			);
			runOnlyForDeploymentPostprocessing = 0;
		};
		443F3B8C2B0FCF030099E614 /* Frameworks */ = {
			isa = PBXFrameworksBuildPhase;
			buildActionMask = 2147483647;
			files = (
			);
			runOnlyForDeploymentPostprocessing = 0;
		};
		443F3B952B0FCF040099E614 /* Frameworks */ = {
			isa = PBXFrameworksBuildPhase;
			buildActionMask = 2147483647;
			files = (
			);
			runOnlyForDeploymentPostprocessing = 0;
		};
		443F3B9E2B0FCF050099E614 /* Frameworks */ = {
			isa = PBXFrameworksBuildPhase;
			buildActionMask = 2147483647;
			files = (
			);
			runOnlyForDeploymentPostprocessing = 0;
		};
		443F3BA72B0FCF3D0099E614 /* Frameworks */ = {
			isa = PBXFrameworksBuildPhase;
			buildActionMask = 2147483647;
			files = (
			);
			runOnlyForDeploymentPostprocessing = 0;
		};
		443F3BB02B0FCF3E0099E614 /* Frameworks */ = {
			isa = PBXFrameworksBuildPhase;
			buildActionMask = 2147483647;
			files = (
			);
			runOnlyForDeploymentPostprocessing = 0;
		};
		443F3BB92B0FCF3F0099E614 /* Frameworks */ = {
			isa = PBXFrameworksBuildPhase;
			buildActionMask = 2147483647;
			files = (
			);
			runOnlyForDeploymentPostprocessing = 0;
		};
		443F3BC22B0FCF400099E614 /* Frameworks */ = {
			isa = PBXFrameworksBuildPhase;
			buildActionMask = 2147483647;
			files = (
			);
			runOnlyForDeploymentPostprocessing = 0;
		};
		443F3BCB2B0FCF420099E614 /* Frameworks */ = {
			isa = PBXFrameworksBuildPhase;
			buildActionMask = 2147483647;
			files = (
			);
			runOnlyForDeploymentPostprocessing = 0;
		};
/* End PBXFrameworksBuildPhase section */

/* Begin PBXGroup section */
		443F3AC02B0FB8DB0099E614 = {
			isa = PBXGroup;
			children = (
				443F3AD52B0FB9390099E614 /* main.swift */,
				44DC27F62B0FD399007D9976 /* Day 01 */,
				44DC27F82B0FD40A007D9976 /* Day 02 */,
				44DC27F92B0FD411007D9976 /* Day 03 */,
				44DC27FA2B0FD41C007D9976 /* Day 04 */,
				44DC27FB2B0FD423007D9976 /* Day 05 */,
				44DC27FC2B0FD42A007D9976 /* Day 06 */,
				44DC27FD2B0FD430007D9976 /* Day 07 */,
				44DC27FE2B0FD436007D9976 /* Day 08 */,
				44DC27FF2B0FD43C007D9976 /* Day 09 */,
				44DC28002B0FD442007D9976 /* Day 10 */,
				44DC28012B0FD448007D9976 /* Day 11 */,
				44DC28022B0FD44E007D9976 /* Day 12 */,
				44DC28032B0FD453007D9976 /* Day 13 */,
				44DC28042B0FD459007D9976 /* Day 14 */,
				44DC28052B0FD45F007D9976 /* Day 15 */,
				44DC28062B0FD465007D9976 /* Day 16 */,
				44DC28072B0FD46B007D9976 /* Day 17 */,
				44DC28082B0FD471007D9976 /* Day 18 */,
				44DC28092B0FD47A007D9976 /* Day 19 */,
				44DC280A2B0FD480007D9976 /* Day 20 */,
				44DC280B2B0FD486007D9976 /* Day 21 */,
				44DC280C2B0FD48C007D9976 /* Day 22 */,
				44DC280D2B0FD491007D9976 /* Day 23 */,
				44DC280E2B0FD496007D9976 /* Day 24 */,
				44DC280F2B0FD49B007D9976 /* Day 25 */,
				443F3ACA2B0FB8DB0099E614 /* Products */,
			);
			sourceTree = "<group>";
		};
		443F3ACA2B0FB8DB0099E614 /* Products */ = {
			isa = PBXGroup;
			children = (
				443F3AF22B0FCEAE0099E614 /* Day 01 */,
				443F3B012B0FCEB20099E614 /* Day 02 */,
				443F3B0A2B0FCEB60099E614 /* Day 03 */,
				443F3B132B0FCEB70099E614 /* Day 04 */,
				443F3B1C2B0FCEB90099E614 /* Day 05 */,
				443F3B252B0FCEBA0099E614 /* Day 06 */,
				443F3B2E2B0FCEBD0099E614 /* Day 07 */,
				443F3B372B0FCEC00099E614 /* Day 08 */,
				443F3B402B0FCEC00099E614 /* Day 09 */,
				443F3B492B0FCEC10099E614 /* Day 10 */,
				443F3B522B0FCEF80099E614 /* Day 11 */,
				443F3B5B2B0FCEFA0099E614 /* Day 12 */,
				443F3B642B0FCEFC0099E614 /* Day 13 */,
				443F3B6D2B0FCEFD0099E614 /* Day 14 */,
				443F3B762B0FCEFF0099E614 /* Day 15 */,
				443F3B7F2B0FCF010099E614 /* Day 16 */,
				443F3B882B0FCF020099E614 /* Day 17 */,
				443F3B912B0FCF030099E614 /* Day 18 */,
				443F3B9A2B0FCF040099E614 /* Day 19 */,
				443F3BA32B0FCF050099E614 /* Day 20 */,
				443F3BAC2B0FCF3D0099E614 /* Day 21 */,
				443F3BB52B0FCF3E0099E614 /* Day 22 */,
				443F3BBE2B0FCF3F0099E614 /* Day 23 */,
				443F3BC72B0FCF400099E614 /* Day 24 */,
				443F3BD02B0FCF420099E614 /* Day 25 */,
			);
			name = Products;
			sourceTree = "<group>";
		};
		44DC27F62B0FD399007D9976 /* Day 01 */ = {
			isa = PBXGroup;
			children = (
				44DC27F02B0FD364007D9976 /* InputData.swift */,
				44DC27F12B0FD364007D9976 /* Solution.swift */,
			);
			name = "Day 01";
			sourceTree = "<group>";
		};
		44DC27F82B0FD40A007D9976 /* Day 02 */ = {
			isa = PBXGroup;
			children = (
				44DC28112B0FD4B9007D9976 /* InputData.swift */,
				44DC28102B0FD4B9007D9976 /* Solution.swift */,
			);
			name = "Day 02";
			sourceTree = "<group>";
		};
		44DC27F92B0FD411007D9976 /* Day 03 */ = {
			isa = PBXGroup;
			children = (
				44DC28142B0FD4CD007D9976 /* InputData.swift */,
				44DC28152B0FD4CD007D9976 /* Solution.swift */,
			);
			name = "Day 03";
			sourceTree = "<group>";
		};
		44DC27FA2B0FD41C007D9976 /* Day 04 */ = {
			isa = PBXGroup;
			children = (
				44DC28182B0FD4DA007D9976 /* InputData.swift */,
				44DC28192B0FD4DA007D9976 /* Solution.swift */,
			);
			name = "Day 04";
			sourceTree = "<group>";
		};
		44DC27FB2B0FD423007D9976 /* Day 05 */ = {
			isa = PBXGroup;
			children = (
				44DC281C2B0FD4E5007D9976 /* InputData.swift */,
				44DC281D2B0FD4E6007D9976 /* Solution.swift */,
			);
			name = "Day 05";
			sourceTree = "<group>";
		};
		44DC27FC2B0FD42A007D9976 /* Day 06 */ = {
			isa = PBXGroup;
			children = (
				44DC28202B0FD4F1007D9976 /* InputData.swift */,
				44DC28212B0FD4F1007D9976 /* Solution.swift */,
			);
			name = "Day 06";
			sourceTree = "<group>";
		};
		44DC27FD2B0FD430007D9976 /* Day 07 */ = {
			isa = PBXGroup;
			children = (
				44DC28242B0FD4FC007D9976 /* InputData.swift */,
				44DC28252B0FD4FC007D9976 /* Solution.swift */,
			);
			name = "Day 07";
			sourceTree = "<group>";
		};
		44DC27FE2B0FD436007D9976 /* Day 08 */ = {
			isa = PBXGroup;
			children = (
				44DC28292B0FD507007D9976 /* InputData.swift */,
				44DC28282B0FD506007D9976 /* Solution.swift */,
			);
			name = "Day 08";
			sourceTree = "<group>";
		};
		44DC27FF2B0FD43C007D9976 /* Day 09 */ = {
			isa = PBXGroup;
			children = (
				44DC282C2B0FD514007D9976 /* InputData.swift */,
				44DC282D2B0FD514007D9976 /* Solution.swift */,
			);
			name = "Day 09";
			sourceTree = "<group>";
		};
		44DC28002B0FD442007D9976 /* Day 10 */ = {
			isa = PBXGroup;
			children = (
				44DC28302B0FD521007D9976 /* InputData.swift */,
				44DC28312B0FD521007D9976 /* Solution.swift */,
			);
			name = "Day 10";
			sourceTree = "<group>";
		};
		44DC28012B0FD448007D9976 /* Day 11 */ = {
			isa = PBXGroup;
			children = (
				44DC28352B0FD52C007D9976 /* InputData.swift */,
				44DC28342B0FD52C007D9976 /* Solution.swift */,
			);
			name = "Day 11";
			sourceTree = "<group>";
		};
		44DC28022B0FD44E007D9976 /* Day 12 */ = {
			isa = PBXGroup;
			children = (
				44DC28392B0FD537007D9976 /* InputData.swift */,
				44DC28382B0FD537007D9976 /* Solution.swift */,
			);
			name = "Day 12";
			sourceTree = "<group>";
		};
		44DC28032B0FD453007D9976 /* Day 13 */ = {
			isa = PBXGroup;
			children = (
				44DC283C2B0FD541007D9976 /* InputData.swift */,
				44DC283D2B0FD541007D9976 /* Solution.swift */,
			);
			name = "Day 13";
			sourceTree = "<group>";
		};
		44DC28042B0FD459007D9976 /* Day 14 */ = {
			isa = PBXGroup;
			children = (
				44DC28412B0FD54D007D9976 /* InputData.swift */,
				44DC28402B0FD54D007D9976 /* Solution.swift */,
			);
			name = "Day 14";
			sourceTree = "<group>";
		};
		44DC28052B0FD45F007D9976 /* Day 15 */ = {
			isa = PBXGroup;
			children = (
				44DC28442B0FD559007D9976 /* InputData.swift */,
				44DC28452B0FD559007D9976 /* Solution.swift */,
			);
			name = "Day 15";
			sourceTree = "<group>";
		};
		44DC28062B0FD465007D9976 /* Day 16 */ = {
			isa = PBXGroup;
			children = (
				44DC28492B0FD565007D9976 /* InputData.swift */,
				44DC28482B0FD565007D9976 /* Solution.swift */,
			);
			name = "Day 16";
			sourceTree = "<group>";
		};
		44DC28072B0FD46B007D9976 /* Day 17 */ = {
			isa = PBXGroup;
			children = (
				44DC284C2B0FD572007D9976 /* InputData.swift */,
				44DC284D2B0FD572007D9976 /* Solution.swift */,
			);
			name = "Day 17";
			sourceTree = "<group>";
		};
		44DC28082B0FD471007D9976 /* Day 18 */ = {
			isa = PBXGroup;
			children = (
				44DC28502B0FD57E007D9976 /* InputData.swift */,
				44DC28512B0FD57E007D9976 /* Solution.swift */,
			);
			name = "Day 18";
			sourceTree = "<group>";
		};
		44DC28092B0FD47A007D9976 /* Day 19 */ = {
			isa = PBXGroup;
			children = (
				44DC28542B0FD589007D9976 /* InputData.swift */,
				44DC28552B0FD589007D9976 /* Solution.swift */,
			);
			name = "Day 19";
			sourceTree = "<group>";
		};
		44DC280A2B0FD480007D9976 /* Day 20 */ = {
			isa = PBXGroup;
			children = (
				44DC28582B0FD594007D9976 /* InputData.swift */,
				44DC28592B0FD594007D9976 /* Solution.swift */,
			);
			name = "Day 20";
			sourceTree = "<group>";
		};
		44DC280B2B0FD486007D9976 /* Day 21 */ = {
			isa = PBXGroup;
			children = (
				44DC285D2B0FD59E007D9976 /* InputData.swift */,
				44DC285C2B0FD59E007D9976 /* Solution.swift */,
			);
			name = "Day 21";
			sourceTree = "<group>";
		};
		44DC280C2B0FD48C007D9976 /* Day 22 */ = {
			isa = PBXGroup;
			children = (
				44DC28612B0FD5AA007D9976 /* InputData.swift */,
				44DC28602B0FD5AA007D9976 /* Solution.swift */,
			);
			name = "Day 22";
			sourceTree = "<group>";
		};
		44DC280D2B0FD491007D9976 /* Day 23 */ = {
			isa = PBXGroup;
			children = (
				44DC28652B0FD5B4007D9976 /* InputData.swift */,
				44DC28642B0FD5B4007D9976 /* Solution.swift */,
			);
			name = "Day 23";
			sourceTree = "<group>";
		};
		44DC280E2B0FD496007D9976 /* Day 24 */ = {
			isa = PBXGroup;
			children = (
				44DC28682B0FD5BF007D9976 /* InputData.swift */,
				44DC28692B0FD5BF007D9976 /* Solution.swift */,
			);
			name = "Day 24";
			sourceTree = "<group>";
		};
		44DC280F2B0FD49B007D9976 /* Day 25 */ = {
			isa = PBXGroup;
			children = (
				44DC286C2B0FD5CA007D9976 /* InputData.swift */,
				44DC286D2B0FD5CA007D9976 /* Solution.swift */,
			);
			name = "Day 25";
			sourceTree = "<group>";
		};
/* End PBXGroup section */

/* Begin PBXNativeTarget section */
		443F3AF12B0FCEAE0099E614 /* Day 01 */ = {
			isa = PBXNativeTarget;
			buildConfigurationList = 443F3AF62B0FCEAE0099E614 /* Build configuration list for PBXNativeTarget "Day 01" */;
			buildPhases = (
				443F3AEE2B0FCEAE0099E614 /* Sources */,
				443F3AEF2B0FCEAE0099E614 /* Frameworks */,
				443F3AF02B0FCEAE0099E614 /* CopyFiles */,
			);
			buildRules = (
			);
			dependencies = (
			);
			name = "Day 01";
			productName = "Day 01";
			productReference = 443F3AF22B0FCEAE0099E614 /* Day 01 */;
			productType = "com.apple.product-type.tool";
		};
		443F3AF92B0FCEB20099E614 /* Day 02 */ = {
			isa = PBXNativeTarget;
			buildConfigurationList = 443F3AFE2B0FCEB20099E614 /* Build configuration list for PBXNativeTarget "Day 02" */;
			buildPhases = (
				443F3AFA2B0FCEB20099E614 /* Sources */,
				443F3AFC2B0FCEB20099E614 /* Frameworks */,
				443F3AFD2B0FCEB20099E614 /* CopyFiles */,
			);
			buildRules = (
			);
			dependencies = (
			);
			name = "Day 02";
			productName = "Day 01";
			productReference = 443F3B012B0FCEB20099E614 /* Day 02 */;
			productType = "com.apple.product-type.tool";
		};
		443F3B022B0FCEB60099E614 /* Day 03 */ = {
			isa = PBXNativeTarget;
			buildConfigurationList = 443F3B072B0FCEB60099E614 /* Build configuration list for PBXNativeTarget "Day 03" */;
			buildPhases = (
				443F3B032B0FCEB60099E614 /* Sources */,
				443F3B052B0FCEB60099E614 /* Frameworks */,
				443F3B062B0FCEB60099E614 /* CopyFiles */,
			);
			buildRules = (
			);
			dependencies = (
			);
			name = "Day 03";
			productName = "Day 01";
			productReference = 443F3B0A2B0FCEB60099E614 /* Day 03 */;
			productType = "com.apple.product-type.tool";
		};
		443F3B0B2B0FCEB70099E614 /* Day 04 */ = {
			isa = PBXNativeTarget;
			buildConfigurationList = 443F3B102B0FCEB70099E614 /* Build configuration list for PBXNativeTarget "Day 04" */;
			buildPhases = (
				443F3B0C2B0FCEB70099E614 /* Sources */,
				443F3B0E2B0FCEB70099E614 /* Frameworks */,
				443F3B0F2B0FCEB70099E614 /* CopyFiles */,
			);
			buildRules = (
			);
			dependencies = (
			);
			name = "Day 04";
			productName = "Day 01";
			productReference = 443F3B132B0FCEB70099E614 /* Day 04 */;
			productType = "com.apple.product-type.tool";
		};
		443F3B142B0FCEB90099E614 /* Day 05 */ = {
			isa = PBXNativeTarget;
			buildConfigurationList = 443F3B192B0FCEB90099E614 /* Build configuration list for PBXNativeTarget "Day 05" */;
			buildPhases = (
				443F3B152B0FCEB90099E614 /* Sources */,
				443F3B172B0FCEB90099E614 /* Frameworks */,
				443F3B182B0FCEB90099E614 /* CopyFiles */,
			);
			buildRules = (
			);
			dependencies = (
			);
			name = "Day 05";
			productName = "Day 01";
			productReference = 443F3B1C2B0FCEB90099E614 /* Day 05 */;
			productType = "com.apple.product-type.tool";
		};
		443F3B1D2B0FCEBA0099E614 /* Day 06 */ = {
			isa = PBXNativeTarget;
			buildConfigurationList = 443F3B222B0FCEBA0099E614 /* Build configuration list for PBXNativeTarget "Day 06" */;
			buildPhases = (
				443F3B1E2B0FCEBA0099E614 /* Sources */,
				443F3B202B0FCEBA0099E614 /* Frameworks */,
				443F3B212B0FCEBA0099E614 /* CopyFiles */,
			);
			buildRules = (
			);
			dependencies = (
			);
			name = "Day 06";
			productName = "Day 01";
			productReference = 443F3B252B0FCEBA0099E614 /* Day 06 */;
			productType = "com.apple.product-type.tool";
		};
		443F3B262B0FCEBD0099E614 /* Day 07 */ = {
			isa = PBXNativeTarget;
			buildConfigurationList = 443F3B2B2B0FCEBD0099E614 /* Build configuration list for PBXNativeTarget "Day 07" */;
			buildPhases = (
				443F3B272B0FCEBD0099E614 /* Sources */,
				443F3B292B0FCEBD0099E614 /* Frameworks */,
				443F3B2A2B0FCEBD0099E614 /* CopyFiles */,
			);
			buildRules = (
			);
			dependencies = (
			);
			name = "Day 07";
			productName = "Day 01";
			productReference = 443F3B2E2B0FCEBD0099E614 /* Day 07 */;
			productType = "com.apple.product-type.tool";
		};
		443F3B2F2B0FCEC00099E614 /* Day 08 */ = {
			isa = PBXNativeTarget;
			buildConfigurationList = 443F3B342B0FCEC00099E614 /* Build configuration list for PBXNativeTarget "Day 08" */;
			buildPhases = (
				443F3B302B0FCEC00099E614 /* Sources */,
				443F3B322B0FCEC00099E614 /* Frameworks */,
				443F3B332B0FCEC00099E614 /* CopyFiles */,
			);
			buildRules = (
			);
			dependencies = (
			);
			name = "Day 08";
			productName = "Day 01";
			productReference = 443F3B372B0FCEC00099E614 /* Day 08 */;
			productType = "com.apple.product-type.tool";
		};
		443F3B382B0FCEC00099E614 /* Day 09 */ = {
			isa = PBXNativeTarget;
			buildConfigurationList = 443F3B3D2B0FCEC00099E614 /* Build configuration list for PBXNativeTarget "Day 09" */;
			buildPhases = (
				443F3B392B0FCEC00099E614 /* Sources */,
				443F3B3B2B0FCEC00099E614 /* Frameworks */,
				443F3B3C2B0FCEC00099E614 /* CopyFiles */,
			);
			buildRules = (
			);
			dependencies = (
			);
			name = "Day 09";
			productName = "Day 01";
			productReference = 443F3B402B0FCEC00099E614 /* Day 09 */;
			productType = "com.apple.product-type.tool";
		};
		443F3B412B0FCEC10099E614 /* Day 10 */ = {
			isa = PBXNativeTarget;
			buildConfigurationList = 443F3B462B0FCEC10099E614 /* Build configuration list for PBXNativeTarget "Day 10" */;
			buildPhases = (
				443F3B422B0FCEC10099E614 /* Sources */,
				443F3B442B0FCEC10099E614 /* Frameworks */,
				443F3B452B0FCEC10099E614 /* CopyFiles */,
			);
			buildRules = (
			);
			dependencies = (
			);
			name = "Day 10";
			productName = "Day 01";
			productReference = 443F3B492B0FCEC10099E614 /* Day 10 */;
			productType = "com.apple.product-type.tool";
		};
		443F3B4A2B0FCEF80099E614 /* Day 11 */ = {
			isa = PBXNativeTarget;
			buildConfigurationList = 443F3B4F2B0FCEF80099E614 /* Build configuration list for PBXNativeTarget "Day 11" */;
			buildPhases = (
				443F3B4B2B0FCEF80099E614 /* Sources */,
				443F3B4D2B0FCEF80099E614 /* Frameworks */,
				443F3B4E2B0FCEF80099E614 /* CopyFiles */,
			);
			buildRules = (
			);
			dependencies = (
			);
			name = "Day 11";
			productName = "Day 01";
			productReference = 443F3B522B0FCEF80099E614 /* Day 11 */;
			productType = "com.apple.product-type.tool";
		};
		443F3B532B0FCEFA0099E614 /* Day 12 */ = {
			isa = PBXNativeTarget;
			buildConfigurationList = 443F3B582B0FCEFA0099E614 /* Build configuration list for PBXNativeTarget "Day 12" */;
			buildPhases = (
				443F3B542B0FCEFA0099E614 /* Sources */,
				443F3B562B0FCEFA0099E614 /* Frameworks */,
				443F3B572B0FCEFA0099E614 /* CopyFiles */,
			);
			buildRules = (
			);
			dependencies = (
			);
			name = "Day 12";
			productName = "Day 01";
			productReference = 443F3B5B2B0FCEFA0099E614 /* Day 12 */;
			productType = "com.apple.product-type.tool";
		};
		443F3B5C2B0FCEFC0099E614 /* Day 13 */ = {
			isa = PBXNativeTarget;
			buildConfigurationList = 443F3B612B0FCEFC0099E614 /* Build configuration list for PBXNativeTarget "Day 13" */;
			buildPhases = (
				443F3B5D2B0FCEFC0099E614 /* Sources */,
				443F3B5F2B0FCEFC0099E614 /* Frameworks */,
				443F3B602B0FCEFC0099E614 /* CopyFiles */,
			);
			buildRules = (
			);
			dependencies = (
			);
			name = "Day 13";
			productName = "Day 01";
			productReference = 443F3B642B0FCEFC0099E614 /* Day 13 */;
			productType = "com.apple.product-type.tool";
		};
		443F3B652B0FCEFD0099E614 /* Day 14 */ = {
			isa = PBXNativeTarget;
			buildConfigurationList = 443F3B6A2B0FCEFD0099E614 /* Build configuration list for PBXNativeTarget "Day 14" */;
			buildPhases = (
				443F3B662B0FCEFD0099E614 /* Sources */,
				443F3B682B0FCEFD0099E614 /* Frameworks */,
				443F3B692B0FCEFD0099E614 /* CopyFiles */,
			);
			buildRules = (
			);
			dependencies = (
			);
			name = "Day 14";
			productName = "Day 01";
			productReference = 443F3B6D2B0FCEFD0099E614 /* Day 14 */;
			productType = "com.apple.product-type.tool";
		};
		443F3B6E2B0FCEFF0099E614 /* Day 15 */ = {
			isa = PBXNativeTarget;
			buildConfigurationList = 443F3B732B0FCEFF0099E614 /* Build configuration list for PBXNativeTarget "Day 15" */;
			buildPhases = (
				443F3B6F2B0FCEFF0099E614 /* Sources */,
				443F3B712B0FCEFF0099E614 /* Frameworks */,
				443F3B722B0FCEFF0099E614 /* CopyFiles */,
			);
			buildRules = (
			);
			dependencies = (
			);
			name = "Day 15";
			productName = "Day 01";
			productReference = 443F3B762B0FCEFF0099E614 /* Day 15 */;
			productType = "com.apple.product-type.tool";
		};
		443F3B772B0FCF010099E614 /* Day 16 */ = {
			isa = PBXNativeTarget;
			buildConfigurationList = 443F3B7C2B0FCF010099E614 /* Build configuration list for PBXNativeTarget "Day 16" */;
			buildPhases = (
				443F3B782B0FCF010099E614 /* Sources */,
				443F3B7A2B0FCF010099E614 /* Frameworks */,
				443F3B7B2B0FCF010099E614 /* CopyFiles */,
			);
			buildRules = (
			);
			dependencies = (
			);
			name = "Day 16";
			productName = "Day 01";
			productReference = 443F3B7F2B0FCF010099E614 /* Day 16 */;
			productType = "com.apple.product-type.tool";
		};
		443F3B802B0FCF020099E614 /* Day 17 */ = {
			isa = PBXNativeTarget;
			buildConfigurationList = 443F3B852B0FCF020099E614 /* Build configuration list for PBXNativeTarget "Day 17" */;
			buildPhases = (
				443F3B812B0FCF020099E614 /* Sources */,
				443F3B832B0FCF020099E614 /* Frameworks */,
				443F3B842B0FCF020099E614 /* CopyFiles */,
			);
			buildRules = (
			);
			dependencies = (
			);
			name = "Day 17";
			productName = "Day 01";
			productReference = 443F3B882B0FCF020099E614 /* Day 17 */;
			productType = "com.apple.product-type.tool";
		};
		443F3B892B0FCF030099E614 /* Day 18 */ = {
			isa = PBXNativeTarget;
			buildConfigurationList = 443F3B8E2B0FCF030099E614 /* Build configuration list for PBXNativeTarget "Day 18" */;
			buildPhases = (
				443F3B8A2B0FCF030099E614 /* Sources */,
				443F3B8C2B0FCF030099E614 /* Frameworks */,
				443F3B8D2B0FCF030099E614 /* CopyFiles */,
			);
			buildRules = (
			);
			dependencies = (
			);
			name = "Day 18";
			productName = "Day 01";
			productReference = 443F3B912B0FCF030099E614 /* Day 18 */;
			productType = "com.apple.product-type.tool";
		};
		443F3B922B0FCF040099E614 /* Day 19 */ = {
			isa = PBXNativeTarget;
			buildConfigurationList = 443F3B972B0FCF040099E614 /* Build configuration list for PBXNativeTarget "Day 19" */;
			buildPhases = (
				443F3B932B0FCF040099E614 /* Sources */,
				443F3B952B0FCF040099E614 /* Frameworks */,
				443F3B962B0FCF040099E614 /* CopyFiles */,
			);
			buildRules = (
			);
			dependencies = (
			);
			name = "Day 19";
			productName = "Day 01";
			productReference = 443F3B9A2B0FCF040099E614 /* Day 19 */;
			productType = "com.apple.product-type.tool";
		};
		443F3B9B2B0FCF050099E614 /* Day 20 */ = {
			isa = PBXNativeTarget;
			buildConfigurationList = 443F3BA02B0FCF050099E614 /* Build configuration list for PBXNativeTarget "Day 20" */;
			buildPhases = (
				443F3B9C2B0FCF050099E614 /* Sources */,
				443F3B9E2B0FCF050099E614 /* Frameworks */,
				443F3B9F2B0FCF050099E614 /* CopyFiles */,
			);
			buildRules = (
			);
			dependencies = (
			);
			name = "Day 20";
			productName = "Day 01";
			productReference = 443F3BA32B0FCF050099E614 /* Day 20 */;
			productType = "com.apple.product-type.tool";
		};
		443F3BA42B0FCF3D0099E614 /* Day 21 */ = {
			isa = PBXNativeTarget;
			buildConfigurationList = 443F3BA92B0FCF3D0099E614 /* Build configuration list for PBXNativeTarget "Day 21" */;
			buildPhases = (
				443F3BA52B0FCF3D0099E614 /* Sources */,
				443F3BA72B0FCF3D0099E614 /* Frameworks */,
				443F3BA82B0FCF3D0099E614 /* CopyFiles */,
			);
			buildRules = (
			);
			dependencies = (
			);
			name = "Day 21";
			productName = "Day 01";
			productReference = 443F3BAC2B0FCF3D0099E614 /* Day 21 */;
			productType = "com.apple.product-type.tool";
		};
		443F3BAD2B0FCF3E0099E614 /* Day 22 */ = {
			isa = PBXNativeTarget;
			buildConfigurationList = 443F3BB22B0FCF3E0099E614 /* Build configuration list for PBXNativeTarget "Day 22" */;
			buildPhases = (
				443F3BAE2B0FCF3E0099E614 /* Sources */,
				443F3BB02B0FCF3E0099E614 /* Frameworks */,
				443F3BB12B0FCF3E0099E614 /* CopyFiles */,
			);
			buildRules = (
			);
			dependencies = (
			);
			name = "Day 22";
			productName = "Day 01";
			productReference = 443F3BB52B0FCF3E0099E614 /* Day 22 */;
			productType = "com.apple.product-type.tool";
		};
		443F3BB62B0FCF3F0099E614 /* Day 23 */ = {
			isa = PBXNativeTarget;
			buildConfigurationList = 443F3BBB2B0FCF3F0099E614 /* Build configuration list for PBXNativeTarget "Day 23" */;
			buildPhases = (
				443F3BB72B0FCF3F0099E614 /* Sources */,
				443F3BB92B0FCF3F0099E614 /* Frameworks */,
				443F3BBA2B0FCF3F0099E614 /* CopyFiles */,
			);
			buildRules = (
			);
			dependencies = (
			);
			name = "Day 23";
			productName = "Day 01";
			productReference = 443F3BBE2B0FCF3F0099E614 /* Day 23 */;
			productType = "com.apple.product-type.tool";
		};
		443F3BBF2B0FCF400099E614 /* Day 24 */ = {
			isa = PBXNativeTarget;
			buildConfigurationList = 443F3BC42B0FCF400099E614 /* Build configuration list for PBXNativeTarget "Day 24" */;
			buildPhases = (
				443F3BC02B0FCF400099E614 /* Sources */,
				443F3BC22B0FCF400099E614 /* Frameworks */,
				443F3BC32B0FCF400099E614 /* CopyFiles */,
			);
			buildRules = (
			);
			dependencies = (
			);
			name = "Day 24";
			productName = "Day 01";
			productReference = 443F3BC72B0FCF400099E614 /* Day 24 */;
			productType = "com.apple.product-type.tool";
		};
		443F3BC82B0FCF420099E614 /* Day 25 */ = {
			isa = PBXNativeTarget;
			buildConfigurationList = 443F3BCD2B0FCF420099E614 /* Build configuration list for PBXNativeTarget "Day 25" */;
			buildPhases = (
				443F3BC92B0FCF420099E614 /* Sources */,
				443F3BCB2B0FCF420099E614 /* Frameworks */,
				443F3BCC2B0FCF420099E614 /* CopyFiles */,
			);
			buildRules = (
			);
			dependencies = (
			);
			name = "Day 25";
			productName = "Day 01";
			productReference = 443F3BD02B0FCF420099E614 /* Day 25 */;
			productType = "com.apple.product-type.tool";
		};
/* End PBXNativeTarget section */

/* Begin PBXProject section */
		443F3AC12B0FB8DB0099E614 /* Project object */ = {
			isa = PBXProject;
			attributes = {
				BuildIndependentTargetsInParallel = 1;
				LastSwiftUpdateCheck = 1500;
				LastUpgradeCheck = 1500;
				TargetAttributes = {
					443F3AF12B0FCEAE0099E614 = {
						CreatedOnToolsVersion = 15.0;
					};
				};
			};
			buildConfigurationList = 443F3AC42B0FB8DB0099E614 /* Build configuration list for PBXProject "Advent of Code 2023" */;
			compatibilityVersion = "Xcode 14.0";
			developmentRegion = en;
			hasScannedForEncodings = 0;
			knownRegions = (
				en,
				Base,
			);
			mainGroup = 443F3AC02B0FB8DB0099E614;
			productRefGroup = 443F3ACA2B0FB8DB0099E614 /* Products */;
			projectDirPath = "";
			projectRoot = "";
			targets = (
				443F3AF12B0FCEAE0099E614 /* Day 01 */,
				443F3AF92B0FCEB20099E614 /* Day 02 */,
				443F3B022B0FCEB60099E614 /* Day 03 */,
				443F3B0B2B0FCEB70099E614 /* Day 04 */,
				443F3B142B0FCEB90099E614 /* Day 05 */,
				443F3B1D2B0FCEBA0099E614 /* Day 06 */,
				443F3B262B0FCEBD0099E614 /* Day 07 */,
				443F3B2F2B0FCEC00099E614 /* Day 08 */,
				443F3B382B0FCEC00099E614 /* Day 09 */,
				443F3B412B0FCEC10099E614 /* Day 10 */,
				443F3B4A2B0FCEF80099E614 /* Day 11 */,
				443F3B532B0FCEFA0099E614 /* Day 12 */,
				443F3B5C2B0FCEFC0099E614 /* Day 13 */,
				443F3B652B0FCEFD0099E614 /* Day 14 */,
				443F3B6E2B0FCEFF0099E614 /* Day 15 */,
				443F3B772B0FCF010099E614 /* Day 16 */,
				443F3B802B0FCF020099E614 /* Day 17 */,
				443F3B892B0FCF030099E614 /* Day 18 */,
				443F3B922B0FCF040099E614 /* Day 19 */,
				443F3B9B2B0FCF050099E614 /* Day 20 */,
				443F3BA42B0FCF3D0099E614 /* Day 21 */,
				443F3BAD2B0FCF3E0099E614 /* Day 22 */,
				443F3BB62B0FCF3F0099E614 /* Day 23 */,
				443F3BBF2B0FCF400099E614 /* Day 24 */,
				443F3BC82B0FCF420099E614 /* Day 25 */,
			);
		};
/* End PBXProject section */

/* Begin PBXSourcesBuildPhase section */
		443F3AEE2B0FCEAE0099E614 /* Sources */ = {
			isa = PBXSourcesBuildPhase;
			buildActionMask = 2147483647;
			files = (
				44DC27F22B0FD364007D9976 /* InputData.swift in Sources */,
				443F3BD12B0FCF6A0099E614 /* main.swift in Sources */,
				44DC27F32B0FD364007D9976 /* Solution.swift in Sources */,
			);
			runOnlyForDeploymentPostprocessing = 0;
		};
		443F3AFA2B0FCEB20099E614 /* Sources */ = {
			isa = PBXSourcesBuildPhase;
			buildActionMask = 2147483647;
			files = (
				44DC28122B0FD4B9007D9976 /* Solution.swift in Sources */,
				44DC28132B0FD4B9007D9976 /* InputData.swift in Sources */,
				443F3BD22B0FCF6A0099E614 /* main.swift in Sources */,
			);
			runOnlyForDeploymentPostprocessing = 0;
		};
		443F3B032B0FCEB60099E614 /* Sources */ = {
			isa = PBXSourcesBuildPhase;
			buildActionMask = 2147483647;
			files = (
				44DC28162B0FD4CD007D9976 /* InputData.swift in Sources */,
				443F3BD32B0FCF6B0099E614 /* main.swift in Sources */,
				44DC28172B0FD4CD007D9976 /* Solution.swift in Sources */,
			);
			runOnlyForDeploymentPostprocessing = 0;
		};
		443F3B0C2B0FCEB70099E614 /* Sources */ = {
			isa = PBXSourcesBuildPhase;
			buildActionMask = 2147483647;
			files = (
				44DC281A2B0FD4DA007D9976 /* InputData.swift in Sources */,
				443F3BD42B0FCF6C0099E614 /* main.swift in Sources */,
				44DC281B2B0FD4DA007D9976 /* Solution.swift in Sources */,
			);
			runOnlyForDeploymentPostprocessing = 0;
		};
		443F3B152B0FCEB90099E614 /* Sources */ = {
			isa = PBXSourcesBuildPhase;
			buildActionMask = 2147483647;
			files = (
				44DC281E2B0FD4E6007D9976 /* InputData.swift in Sources */,
				443F3BD52B0FCF6C0099E614 /* main.swift in Sources */,
				44DC281F2B0FD4E6007D9976 /* Solution.swift in Sources */,
			);
			runOnlyForDeploymentPostprocessing = 0;
		};
		443F3B1E2B0FCEBA0099E614 /* Sources */ = {
			isa = PBXSourcesBuildPhase;
			buildActionMask = 2147483647;
			files = (
				44DC28222B0FD4F1007D9976 /* InputData.swift in Sources */,
				443F3BD62B0FCF6D0099E614 /* main.swift in Sources */,
				44DC28232B0FD4F1007D9976 /* Solution.swift in Sources */,
			);
			runOnlyForDeploymentPostprocessing = 0;
		};
		443F3B272B0FCEBD0099E614 /* Sources */ = {
			isa = PBXSourcesBuildPhase;
			buildActionMask = 2147483647;
			files = (
				44DC28262B0FD4FC007D9976 /* InputData.swift in Sources */,
				443F3BD72B0FCF6E0099E614 /* main.swift in Sources */,
				44DC28272B0FD4FC007D9976 /* Solution.swift in Sources */,
			);
			runOnlyForDeploymentPostprocessing = 0;
		};
		443F3B302B0FCEC00099E614 /* Sources */ = {
			isa = PBXSourcesBuildPhase;
			buildActionMask = 2147483647;
			files = (
				44DC282A2B0FD507007D9976 /* Solution.swift in Sources */,
				44DC282B2B0FD507007D9976 /* InputData.swift in Sources */,
				443F3BD82B0FCF6F0099E614 /* main.swift in Sources */,
			);
			runOnlyForDeploymentPostprocessing = 0;
		};
		443F3B392B0FCEC00099E614 /* Sources */ = {
			isa = PBXSourcesBuildPhase;
			buildActionMask = 2147483647;
			files = (
				44DC282E2B0FD514007D9976 /* InputData.swift in Sources */,
				443F3BD92B0FCF700099E614 /* main.swift in Sources */,
				44DC282F2B0FD514007D9976 /* Solution.swift in Sources */,
			);
			runOnlyForDeploymentPostprocessing = 0;
		};
		443F3B422B0FCEC10099E614 /* Sources */ = {
			isa = PBXSourcesBuildPhase;
			buildActionMask = 2147483647;
			files = (
				44DC28322B0FD521007D9976 /* InputData.swift in Sources */,
				443F3BDA2B0FCF710099E614 /* main.swift in Sources */,
				44DC28332B0FD521007D9976 /* Solution.swift in Sources */,
			);
			runOnlyForDeploymentPostprocessing = 0;
		};
		443F3B4B2B0FCEF80099E614 /* Sources */ = {
			isa = PBXSourcesBuildPhase;
			buildActionMask = 2147483647;
			files = (
				44DC28362B0FD52C007D9976 /* Solution.swift in Sources */,
				44DC28372B0FD52C007D9976 /* InputData.swift in Sources */,
				443F3BDB2B0FCF720099E614 /* main.swift in Sources */,
			);
			runOnlyForDeploymentPostprocessing = 0;
		};
		443F3B542B0FCEFA0099E614 /* Sources */ = {
			isa = PBXSourcesBuildPhase;
			buildActionMask = 2147483647;
			files = (
				44DC283A2B0FD537007D9976 /* Solution.swift in Sources */,
				44DC283B2B0FD537007D9976 /* InputData.swift in Sources */,
				443F3BDC2B0FCF730099E614 /* main.swift in Sources */,
			);
			runOnlyForDeploymentPostprocessing = 0;
		};
		443F3B5D2B0FCEFC0099E614 /* Sources */ = {
			isa = PBXSourcesBuildPhase;
			buildActionMask = 2147483647;
			files = (
				44DC283E2B0FD541007D9976 /* InputData.swift in Sources */,
				443F3BDD2B0FCF730099E614 /* main.swift in Sources */,
				44DC283F2B0FD541007D9976 /* Solution.swift in Sources */,
			);
			runOnlyForDeploymentPostprocessing = 0;
		};
		443F3B662B0FCEFD0099E614 /* Sources */ = {
			isa = PBXSourcesBuildPhase;
			buildActionMask = 2147483647;
			files = (
				44DC28422B0FD54D007D9976 /* Solution.swift in Sources */,
				44DC28432B0FD54D007D9976 /* InputData.swift in Sources */,
				443F3BDE2B0FCF740099E614 /* main.swift in Sources */,
			);
			runOnlyForDeploymentPostprocessing = 0;
		};
		443F3B6F2B0FCEFF0099E614 /* Sources */ = {
			isa = PBXSourcesBuildPhase;
			buildActionMask = 2147483647;
			files = (
				44DC28462B0FD559007D9976 /* InputData.swift in Sources */,
				443F3BDF2B0FCF750099E614 /* main.swift in Sources */,
				44DC28472B0FD559007D9976 /* Solution.swift in Sources */,
			);
			runOnlyForDeploymentPostprocessing = 0;
		};
		443F3B782B0FCF010099E614 /* Sources */ = {
			isa = PBXSourcesBuildPhase;
			buildActionMask = 2147483647;
			files = (
				44DC284A2B0FD565007D9976 /* Solution.swift in Sources */,
				44DC284B2B0FD565007D9976 /* InputData.swift in Sources */,
				443F3BE02B0FCF750099E614 /* main.swift in Sources */,
			);
			runOnlyForDeploymentPostprocessing = 0;
		};
		443F3B812B0FCF020099E614 /* Sources */ = {
			isa = PBXSourcesBuildPhase;
			buildActionMask = 2147483647;
			files = (
				44DC284E2B0FD572007D9976 /* InputData.swift in Sources */,
				443F3BE12B0FCF760099E614 /* main.swift in Sources */,
				44DC284F2B0FD572007D9976 /* Solution.swift in Sources */,
			);
			runOnlyForDeploymentPostprocessing = 0;
		};
		443F3B8A2B0FCF030099E614 /* Sources */ = {
			isa = PBXSourcesBuildPhase;
			buildActionMask = 2147483647;
			files = (
				44DC28522B0FD57E007D9976 /* InputData.swift in Sources */,
				443F3BE22B0FCF770099E614 /* main.swift in Sources */,
				44DC28532B0FD57E007D9976 /* Solution.swift in Sources */,
			);
			runOnlyForDeploymentPostprocessing = 0;
		};
		443F3B932B0FCF040099E614 /* Sources */ = {
			isa = PBXSourcesBuildPhase;
			buildActionMask = 2147483647;
			files = (
				44DC28562B0FD589007D9976 /* InputData.swift in Sources */,
				443F3BE32B0FCF770099E614 /* main.swift in Sources */,
				44DC28572B0FD589007D9976 /* Solution.swift in Sources */,
			);
			runOnlyForDeploymentPostprocessing = 0;
		};
		443F3B9C2B0FCF050099E614 /* Sources */ = {
			isa = PBXSourcesBuildPhase;
			buildActionMask = 2147483647;
			files = (
				44DC285A2B0FD594007D9976 /* InputData.swift in Sources */,
				443F3BE42B0FCF780099E614 /* main.swift in Sources */,
				44DC285B2B0FD594007D9976 /* Solution.swift in Sources */,
			);
			runOnlyForDeploymentPostprocessing = 0;
		};
		443F3BA52B0FCF3D0099E614 /* Sources */ = {
			isa = PBXSourcesBuildPhase;
			buildActionMask = 2147483647;
			files = (
				44DC285E2B0FD59E007D9976 /* Solution.swift in Sources */,
				44DC285F2B0FD59E007D9976 /* InputData.swift in Sources */,
				443F3BE52B0FCF790099E614 /* main.swift in Sources */,
			);
			runOnlyForDeploymentPostprocessing = 0;
		};
		443F3BAE2B0FCF3E0099E614 /* Sources */ = {
			isa = PBXSourcesBuildPhase;
			buildActionMask = 2147483647;
			files = (
				44DC28622B0FD5AA007D9976 /* Solution.swift in Sources */,
				44DC28632B0FD5AA007D9976 /* InputData.swift in Sources */,
				443F3BE62B0FCF790099E614 /* main.swift in Sources */,
			);
			runOnlyForDeploymentPostprocessing = 0;
		};
		443F3BB72B0FCF3F0099E614 /* Sources */ = {
			isa = PBXSourcesBuildPhase;
			buildActionMask = 2147483647;
			files = (
				44DC28662B0FD5B4007D9976 /* Solution.swift in Sources */,
				44DC28672B0FD5B4007D9976 /* InputData.swift in Sources */,
				443F3BE72B0FCF7A0099E614 /* main.swift in Sources */,
			);
			runOnlyForDeploymentPostprocessing = 0;
		};
		443F3BC02B0FCF400099E614 /* Sources */ = {
			isa = PBXSourcesBuildPhase;
			buildActionMask = 2147483647;
			files = (
				44DC286A2B0FD5BF007D9976 /* InputData.swift in Sources */,
				443F3BE82B0FCF7A0099E614 /* main.swift in Sources */,
				44DC286B2B0FD5BF007D9976 /* Solution.swift in Sources */,
			);
			runOnlyForDeploymentPostprocessing = 0;
		};
		443F3BC92B0FCF420099E614 /* Sources */ = {
			isa = PBXSourcesBuildPhase;
			buildActionMask = 2147483647;
			files = (
				44DC286E2B0FD5CA007D9976 /* InputData.swift in Sources */,
				443F3BE92B0FCF7B0099E614 /* main.swift in Sources */,
				44DC286F2B0FD5CA007D9976 /* Solution.swift in Sources */,
			);
			runOnlyForDeploymentPostprocessing = 0;
		};
/* End PBXSourcesBuildPhase section */

/* Begin XCBuildConfiguration section */
		443F3ACE2B0FB8DB0099E614 /* Debug */ = {
			isa = XCBuildConfiguration;
			buildSettings = {
				ALWAYS_SEARCH_USER_PATHS = NO;
				ASSETCATALOG_COMPILER_GENERATE_SWIFT_ASSET_SYMBOL_EXTENSIONS = YES;
				CLANG_ANALYZER_NONNULL = YES;
				CLANG_ANALYZER_NUMBER_OBJECT_CONVERSION = YES_AGGRESSIVE;
				CLANG_CXX_LANGUAGE_STANDARD = "gnu++20";
				CLANG_ENABLE_MODULES = YES;
				CLANG_ENABLE_OBJC_ARC = YES;
				CLANG_ENABLE_OBJC_WEAK = YES;
				CLANG_WARN_BLOCK_CAPTURE_AUTORELEASING = YES;
				CLANG_WARN_BOOL_CONVERSION = YES;
				CLANG_WARN_COMMA = YES;
				CLANG_WARN_CONSTANT_CONVERSION = YES;
				CLANG_WARN_DEPRECATED_OBJC_IMPLEMENTATIONS = YES;
				CLANG_WARN_DIRECT_OBJC_ISA_USAGE = YES_ERROR;
				CLANG_WARN_DOCUMENTATION_COMMENTS = YES;
				CLANG_WARN_EMPTY_BODY = YES;
				CLANG_WARN_ENUM_CONVERSION = YES;
				CLANG_WARN_INFINITE_RECURSION = YES;
				CLANG_WARN_INT_CONVERSION = YES;
				CLANG_WARN_NON_LITERAL_NULL_CONVERSION = YES;
				CLANG_WARN_OBJC_IMPLICIT_RETAIN_SELF = YES;
				CLANG_WARN_OBJC_LITERAL_CONVERSION = YES;
				CLANG_WARN_OBJC_ROOT_CLASS = YES_ERROR;
				CLANG_WARN_QUOTED_INCLUDE_IN_FRAMEWORK_HEADER = YES;
				CLANG_WARN_RANGE_LOOP_ANALYSIS = YES;
				CLANG_WARN_STRICT_PROTOTYPES = YES;
				CLANG_WARN_SUSPICIOUS_MOVE = YES;
				CLANG_WARN_UNGUARDED_AVAILABILITY = YES_AGGRESSIVE;
				CLANG_WARN_UNREACHABLE_CODE = YES;
				CLANG_WARN__DUPLICATE_METHOD_MATCH = YES;
				COPY_PHASE_STRIP = NO;
				DEBUG_INFORMATION_FORMAT = dwarf;
				ENABLE_STRICT_OBJC_MSGSEND = YES;
				ENABLE_TESTABILITY = YES;
				ENABLE_USER_SCRIPT_SANDBOXING = YES;
				GCC_C_LANGUAGE_STANDARD = gnu17;
				GCC_DYNAMIC_NO_PIC = NO;
				GCC_NO_COMMON_BLOCKS = YES;
				GCC_OPTIMIZATION_LEVEL = 0;
				GCC_PREPROCESSOR_DEFINITIONS = (
					"DEBUG=1",
					"$(inherited)",
				);
				GCC_WARN_64_TO_32_BIT_CONVERSION = YES;
				GCC_WARN_ABOUT_RETURN_TYPE = YES_ERROR;
				GCC_WARN_UNDECLARED_SELECTOR = YES;
				GCC_WARN_UNINITIALIZED_AUTOS = YES_AGGRESSIVE;
				GCC_WARN_UNUSED_FUNCTION = YES;
				GCC_WARN_UNUSED_VARIABLE = YES;
				LOCALIZATION_PREFERS_STRING_CATALOGS = YES;
				MACOSX_DEPLOYMENT_TARGET = 14.0;
				MTL_ENABLE_DEBUG_INFO = INCLUDE_SOURCE;
				MTL_FAST_MATH = YES;
				ONLY_ACTIVE_ARCH = YES;
				SDKROOT = macosx;
				SWIFT_ACTIVE_COMPILATION_CONDITIONS = "DEBUG $(inherited)";
				SWIFT_OPTIMIZATION_LEVEL = "-Onone";
			};
			name = Debug;
		};
		443F3ACF2B0FB8DB0099E614 /* Release */ = {
			isa = XCBuildConfiguration;
			buildSettings = {
				ALWAYS_SEARCH_USER_PATHS = NO;
				ASSETCATALOG_COMPILER_GENERATE_SWIFT_ASSET_SYMBOL_EXTENSIONS = YES;
				CLANG_ANALYZER_NONNULL = YES;
				CLANG_ANALYZER_NUMBER_OBJECT_CONVERSION = YES_AGGRESSIVE;
				CLANG_CXX_LANGUAGE_STANDARD = "gnu++20";
				CLANG_ENABLE_MODULES = YES;
				CLANG_ENABLE_OBJC_ARC = YES;
				CLANG_ENABLE_OBJC_WEAK = YES;
				CLANG_WARN_BLOCK_CAPTURE_AUTORELEASING = YES;
				CLANG_WARN_BOOL_CONVERSION = YES;
				CLANG_WARN_COMMA = YES;
				CLANG_WARN_CONSTANT_CONVERSION = YES;
				CLANG_WARN_DEPRECATED_OBJC_IMPLEMENTATIONS = YES;
				CLANG_WARN_DIRECT_OBJC_ISA_USAGE = YES_ERROR;
				CLANG_WARN_DOCUMENTATION_COMMENTS = YES;
				CLANG_WARN_EMPTY_BODY = YES;
				CLANG_WARN_ENUM_CONVERSION = YES;
				CLANG_WARN_INFINITE_RECURSION = YES;
				CLANG_WARN_INT_CONVERSION = YES;
				CLANG_WARN_NON_LITERAL_NULL_CONVERSION = YES;
				CLANG_WARN_OBJC_IMPLICIT_RETAIN_SELF = YES;
				CLANG_WARN_OBJC_LITERAL_CONVERSION = YES;
				CLANG_WARN_OBJC_ROOT_CLASS = YES_ERROR;
				CLANG_WARN_QUOTED_INCLUDE_IN_FRAMEWORK_HEADER = YES;
				CLANG_WARN_RANGE_LOOP_ANALYSIS = YES;
				CLANG_WARN_STRICT_PROTOTYPES = YES;
				CLANG_WARN_SUSPICIOUS_MOVE = YES;
				CLANG_WARN_UNGUARDED_AVAILABILITY = YES_AGGRESSIVE;
				CLANG_WARN_UNREACHABLE_CODE = YES;
				CLANG_WARN__DUPLICATE_METHOD_MATCH = YES;
				COPY_PHASE_STRIP = NO;
				DEBUG_INFORMATION_FORMAT = "dwarf-with-dsym";
				ENABLE_NS_ASSERTIONS = NO;
				ENABLE_STRICT_OBJC_MSGSEND = YES;
				ENABLE_USER_SCRIPT_SANDBOXING = YES;
				GCC_C_LANGUAGE_STANDARD = gnu17;
				GCC_NO_COMMON_BLOCKS = YES;
				GCC_WARN_64_TO_32_BIT_CONVERSION = YES;
				GCC_WARN_ABOUT_RETURN_TYPE = YES_ERROR;
				GCC_WARN_UNDECLARED_SELECTOR = YES;
				GCC_WARN_UNINITIALIZED_AUTOS = YES_AGGRESSIVE;
				GCC_WARN_UNUSED_FUNCTION = YES;
				GCC_WARN_UNUSED_VARIABLE = YES;
				LOCALIZATION_PREFERS_STRING_CATALOGS = YES;
				MACOSX_DEPLOYMENT_TARGET = 14.0;
				MTL_ENABLE_DEBUG_INFO = NO;
				MTL_FAST_MATH = YES;
				SDKROOT = macosx;
				SWIFT_COMPILATION_MODE = wholemodule;
			};
			name = Release;
		};
		443F3AF72B0FCEAE0099E614 /* Debug */ = {
			isa = XCBuildConfiguration;
			buildSettings = {
				CODE_SIGN_STYLE = Automatic;
				DEVELOPMENT_TEAM = XB7GA2R58L;
				ENABLE_HARDENED_RUNTIME = YES;
				PRODUCT_NAME = "$(TARGET_NAME)";
				SWIFT_VERSION = 5.0;
			};
			name = Debug;
		};
		443F3AF82B0FCEAE0099E614 /* Release */ = {
			isa = XCBuildConfiguration;
			buildSettings = {
				CODE_SIGN_STYLE = Automatic;
				DEVELOPMENT_TEAM = XB7GA2R58L;
				ENABLE_HARDENED_RUNTIME = YES;
				PRODUCT_NAME = "$(TARGET_NAME)";
				SWIFT_VERSION = 5.0;
			};
			name = Release;
		};
		443F3AFF2B0FCEB20099E614 /* Debug */ = {
			isa = XCBuildConfiguration;
			buildSettings = {
				CODE_SIGN_STYLE = Automatic;
				DEVELOPMENT_TEAM = XB7GA2R58L;
				ENABLE_HARDENED_RUNTIME = YES;
				PRODUCT_NAME = "$(TARGET_NAME)";
				SWIFT_VERSION = 5.0;
			};
			name = Debug;
		};
		443F3B002B0FCEB20099E614 /* Release */ = {
			isa = XCBuildConfiguration;
			buildSettings = {
				CODE_SIGN_STYLE = Automatic;
				DEVELOPMENT_TEAM = XB7GA2R58L;
				ENABLE_HARDENED_RUNTIME = YES;
				PRODUCT_NAME = "$(TARGET_NAME)";
				SWIFT_VERSION = 5.0;
			};
			name = Release;
		};
		443F3B082B0FCEB60099E614 /* Debug */ = {
			isa = XCBuildConfiguration;
			buildSettings = {
				CODE_SIGN_STYLE = Automatic;
				DEVELOPMENT_TEAM = XB7GA2R58L;
				ENABLE_HARDENED_RUNTIME = YES;
				PRODUCT_NAME = "$(TARGET_NAME)";
				SWIFT_VERSION = 5.0;
			};
			name = Debug;
		};
		443F3B092B0FCEB60099E614 /* Release */ = {
			isa = XCBuildConfiguration;
			buildSettings = {
				CODE_SIGN_STYLE = Automatic;
				DEVELOPMENT_TEAM = XB7GA2R58L;
				ENABLE_HARDENED_RUNTIME = YES;
				PRODUCT_NAME = "$(TARGET_NAME)";
				SWIFT_VERSION = 5.0;
			};
			name = Release;
		};
		443F3B112B0FCEB70099E614 /* Debug */ = {
			isa = XCBuildConfiguration;
			buildSettings = {
				CODE_SIGN_STYLE = Automatic;
				DEVELOPMENT_TEAM = XB7GA2R58L;
				ENABLE_HARDENED_RUNTIME = YES;
				PRODUCT_NAME = "$(TARGET_NAME)";
				SWIFT_VERSION = 5.0;
			};
			name = Debug;
		};
		443F3B122B0FCEB70099E614 /* Release */ = {
			isa = XCBuildConfiguration;
			buildSettings = {
				CODE_SIGN_STYLE = Automatic;
				DEVELOPMENT_TEAM = XB7GA2R58L;
				ENABLE_HARDENED_RUNTIME = YES;
				PRODUCT_NAME = "$(TARGET_NAME)";
				SWIFT_VERSION = 5.0;
			};
			name = Release;
		};
		443F3B1A2B0FCEB90099E614 /* Debug */ = {
			isa = XCBuildConfiguration;
			buildSettings = {
				CODE_SIGN_STYLE = Automatic;
				DEVELOPMENT_TEAM = XB7GA2R58L;
				ENABLE_HARDENED_RUNTIME = YES;
				PRODUCT_NAME = "$(TARGET_NAME)";
				SWIFT_VERSION = 5.0;
			};
			name = Debug;
		};
		443F3B1B2B0FCEB90099E614 /* Release */ = {
			isa = XCBuildConfiguration;
			buildSettings = {
				CODE_SIGN_STYLE = Automatic;
				DEVELOPMENT_TEAM = XB7GA2R58L;
				ENABLE_HARDENED_RUNTIME = YES;
				PRODUCT_NAME = "$(TARGET_NAME)";
				SWIFT_VERSION = 5.0;
			};
			name = Release;
		};
		443F3B232B0FCEBA0099E614 /* Debug */ = {
			isa = XCBuildConfiguration;
			buildSettings = {
				CODE_SIGN_STYLE = Automatic;
				DEVELOPMENT_TEAM = XB7GA2R58L;
				ENABLE_HARDENED_RUNTIME = YES;
				PRODUCT_NAME = "$(TARGET_NAME)";
				SWIFT_VERSION = 5.0;
			};
			name = Debug;
		};
		443F3B242B0FCEBA0099E614 /* Release */ = {
			isa = XCBuildConfiguration;
			buildSettings = {
				CODE_SIGN_STYLE = Automatic;
				DEVELOPMENT_TEAM = XB7GA2R58L;
				ENABLE_HARDENED_RUNTIME = YES;
				PRODUCT_NAME = "$(TARGET_NAME)";
				SWIFT_VERSION = 5.0;
			};
			name = Release;
		};
		443F3B2C2B0FCEBD0099E614 /* Debug */ = {
			isa = XCBuildConfiguration;
			buildSettings = {
				CODE_SIGN_STYLE = Automatic;
				DEVELOPMENT_TEAM = XB7GA2R58L;
				ENABLE_HARDENED_RUNTIME = YES;
				PRODUCT_NAME = "$(TARGET_NAME)";
				SWIFT_VERSION = 5.0;
			};
			name = Debug;
		};
		443F3B2D2B0FCEBD0099E614 /* Release */ = {
			isa = XCBuildConfiguration;
			buildSettings = {
				CODE_SIGN_STYLE = Automatic;
				DEVELOPMENT_TEAM = XB7GA2R58L;
				ENABLE_HARDENED_RUNTIME = YES;
				PRODUCT_NAME = "$(TARGET_NAME)";
				SWIFT_VERSION = 5.0;
			};
			name = Release;
		};
		443F3B352B0FCEC00099E614 /* Debug */ = {
			isa = XCBuildConfiguration;
			buildSettings = {
				CODE_SIGN_STYLE = Automatic;
				DEVELOPMENT_TEAM = XB7GA2R58L;
				ENABLE_HARDENED_RUNTIME = YES;
				PRODUCT_NAME = "$(TARGET_NAME)";
				SWIFT_VERSION = 5.0;
			};
			name = Debug;
		};
		443F3B362B0FCEC00099E614 /* Release */ = {
			isa = XCBuildConfiguration;
			buildSettings = {
				CODE_SIGN_STYLE = Automatic;
				DEVELOPMENT_TEAM = XB7GA2R58L;
				ENABLE_HARDENED_RUNTIME = YES;
				PRODUCT_NAME = "$(TARGET_NAME)";
				SWIFT_VERSION = 5.0;
			};
			name = Release;
		};
		443F3B3E2B0FCEC00099E614 /* Debug */ = {
			isa = XCBuildConfiguration;
			buildSettings = {
				CODE_SIGN_STYLE = Automatic;
				DEVELOPMENT_TEAM = XB7GA2R58L;
				ENABLE_HARDENED_RUNTIME = YES;
				PRODUCT_NAME = "$(TARGET_NAME)";
				SWIFT_VERSION = 5.0;
			};
			name = Debug;
		};
		443F3B3F2B0FCEC00099E614 /* Release */ = {
			isa = XCBuildConfiguration;
			buildSettings = {
				CODE_SIGN_STYLE = Automatic;
				DEVELOPMENT_TEAM = XB7GA2R58L;
				ENABLE_HARDENED_RUNTIME = YES;
				PRODUCT_NAME = "$(TARGET_NAME)";
				SWIFT_VERSION = 5.0;
			};
			name = Release;
		};
		443F3B472B0FCEC10099E614 /* Debug */ = {
			isa = XCBuildConfiguration;
			buildSettings = {
				CODE_SIGN_STYLE = Automatic;
				DEVELOPMENT_TEAM = XB7GA2R58L;
				ENABLE_HARDENED_RUNTIME = YES;
				PRODUCT_NAME = "$(TARGET_NAME)";
				SWIFT_VERSION = 5.0;
			};
			name = Debug;
		};
		443F3B482B0FCEC10099E614 /* Release */ = {
			isa = XCBuildConfiguration;
			buildSettings = {
				CODE_SIGN_STYLE = Automatic;
				DEVELOPMENT_TEAM = XB7GA2R58L;
				ENABLE_HARDENED_RUNTIME = YES;
				PRODUCT_NAME = "$(TARGET_NAME)";
				SWIFT_VERSION = 5.0;
			};
			name = Release;
		};
		443F3B502B0FCEF80099E614 /* Debug */ = {
			isa = XCBuildConfiguration;
			buildSettings = {
				CODE_SIGN_STYLE = Automatic;
				DEVELOPMENT_TEAM = XB7GA2R58L;
				ENABLE_HARDENED_RUNTIME = YES;
				PRODUCT_NAME = "$(TARGET_NAME)";
				SWIFT_VERSION = 5.0;
			};
			name = Debug;
		};
		443F3B512B0FCEF80099E614 /* Release */ = {
			isa = XCBuildConfiguration;
			buildSettings = {
				CODE_SIGN_STYLE = Automatic;
				DEVELOPMENT_TEAM = XB7GA2R58L;
				ENABLE_HARDENED_RUNTIME = YES;
				PRODUCT_NAME = "$(TARGET_NAME)";
				SWIFT_VERSION = 5.0;
			};
			name = Release;
		};
		443F3B592B0FCEFA0099E614 /* Debug */ = {
			isa = XCBuildConfiguration;
			buildSettings = {
				CODE_SIGN_STYLE = Automatic;
				DEVELOPMENT_TEAM = XB7GA2R58L;
				ENABLE_HARDENED_RUNTIME = YES;
				PRODUCT_NAME = "$(TARGET_NAME)";
				SWIFT_VERSION = 5.0;
			};
			name = Debug;
		};
		443F3B5A2B0FCEFA0099E614 /* Release */ = {
			isa = XCBuildConfiguration;
			buildSettings = {
				CODE_SIGN_STYLE = Automatic;
				DEVELOPMENT_TEAM = XB7GA2R58L;
				ENABLE_HARDENED_RUNTIME = YES;
				PRODUCT_NAME = "$(TARGET_NAME)";
				SWIFT_VERSION = 5.0;
			};
			name = Release;
		};
		443F3B622B0FCEFC0099E614 /* Debug */ = {
			isa = XCBuildConfiguration;
			buildSettings = {
				CODE_SIGN_STYLE = Automatic;
				DEVELOPMENT_TEAM = XB7GA2R58L;
				ENABLE_HARDENED_RUNTIME = YES;
				PRODUCT_NAME = "$(TARGET_NAME)";
				SWIFT_VERSION = 5.0;
			};
			name = Debug;
		};
		443F3B632B0FCEFC0099E614 /* Release */ = {
			isa = XCBuildConfiguration;
			buildSettings = {
				CODE_SIGN_STYLE = Automatic;
				DEVELOPMENT_TEAM = XB7GA2R58L;
				ENABLE_HARDENED_RUNTIME = YES;
				PRODUCT_NAME = "$(TARGET_NAME)";
				SWIFT_VERSION = 5.0;
			};
			name = Release;
		};
		443F3B6B2B0FCEFD0099E614 /* Debug */ = {
			isa = XCBuildConfiguration;
			buildSettings = {
				CODE_SIGN_STYLE = Automatic;
				DEVELOPMENT_TEAM = XB7GA2R58L;
				ENABLE_HARDENED_RUNTIME = YES;
				PRODUCT_NAME = "$(TARGET_NAME)";
				SWIFT_VERSION = 5.0;
			};
			name = Debug;
		};
		443F3B6C2B0FCEFD0099E614 /* Release */ = {
			isa = XCBuildConfiguration;
			buildSettings = {
				CODE_SIGN_STYLE = Automatic;
				DEVELOPMENT_TEAM = XB7GA2R58L;
				ENABLE_HARDENED_RUNTIME = YES;
				PRODUCT_NAME = "$(TARGET_NAME)";
				SWIFT_VERSION = 5.0;
			};
			name = Release;
		};
		443F3B742B0FCEFF0099E614 /* Debug */ = {
			isa = XCBuildConfiguration;
			buildSettings = {
				CODE_SIGN_STYLE = Automatic;
				DEVELOPMENT_TEAM = XB7GA2R58L;
				ENABLE_HARDENED_RUNTIME = YES;
				PRODUCT_NAME = "$(TARGET_NAME)";
				SWIFT_VERSION = 5.0;
			};
			name = Debug;
		};
		443F3B752B0FCEFF0099E614 /* Release */ = {
			isa = XCBuildConfiguration;
			buildSettings = {
				CODE_SIGN_STYLE = Automatic;
				DEVELOPMENT_TEAM = XB7GA2R58L;
				ENABLE_HARDENED_RUNTIME = YES;
				PRODUCT_NAME = "$(TARGET_NAME)";
				SWIFT_VERSION = 5.0;
			};
			name = Release;
		};
		443F3B7D2B0FCF010099E614 /* Debug */ = {
			isa = XCBuildConfiguration;
			buildSettings = {
				CODE_SIGN_STYLE = Automatic;
				DEVELOPMENT_TEAM = XB7GA2R58L;
				ENABLE_HARDENED_RUNTIME = YES;
				PRODUCT_NAME = "$(TARGET_NAME)";
				SWIFT_VERSION = 5.0;
			};
			name = Debug;
		};
		443F3B7E2B0FCF010099E614 /* Release */ = {
			isa = XCBuildConfiguration;
			buildSettings = {
				CODE_SIGN_STYLE = Automatic;
				DEVELOPMENT_TEAM = XB7GA2R58L;
				ENABLE_HARDENED_RUNTIME = YES;
				PRODUCT_NAME = "$(TARGET_NAME)";
				SWIFT_VERSION = 5.0;
			};
			name = Release;
		};
		443F3B862B0FCF020099E614 /* Debug */ = {
			isa = XCBuildConfiguration;
			buildSettings = {
				CODE_SIGN_STYLE = Automatic;
				DEVELOPMENT_TEAM = XB7GA2R58L;
				ENABLE_HARDENED_RUNTIME = YES;
				PRODUCT_NAME = "$(TARGET_NAME)";
				SWIFT_VERSION = 5.0;
			};
			name = Debug;
		};
		443F3B872B0FCF020099E614 /* Release */ = {
			isa = XCBuildConfiguration;
			buildSettings = {
				CODE_SIGN_STYLE = Automatic;
				DEVELOPMENT_TEAM = XB7GA2R58L;
				ENABLE_HARDENED_RUNTIME = YES;
				PRODUCT_NAME = "$(TARGET_NAME)";
				SWIFT_VERSION = 5.0;
			};
			name = Release;
		};
		443F3B8F2B0FCF030099E614 /* Debug */ = {
			isa = XCBuildConfiguration;
			buildSettings = {
				CODE_SIGN_STYLE = Automatic;
				DEVELOPMENT_TEAM = XB7GA2R58L;
				ENABLE_HARDENED_RUNTIME = YES;
				PRODUCT_NAME = "$(TARGET_NAME)";
				SWIFT_VERSION = 5.0;
			};
			name = Debug;
		};
		443F3B902B0FCF030099E614 /* Release */ = {
			isa = XCBuildConfiguration;
			buildSettings = {
				CODE_SIGN_STYLE = Automatic;
				DEVELOPMENT_TEAM = XB7GA2R58L;
				ENABLE_HARDENED_RUNTIME = YES;
				PRODUCT_NAME = "$(TARGET_NAME)";
				SWIFT_VERSION = 5.0;
			};
			name = Release;
		};
		443F3B982B0FCF040099E614 /* Debug */ = {
			isa = XCBuildConfiguration;
			buildSettings = {
				CODE_SIGN_STYLE = Automatic;
				DEVELOPMENT_TEAM = XB7GA2R58L;
				ENABLE_HARDENED_RUNTIME = YES;
				PRODUCT_NAME = "$(TARGET_NAME)";
				SWIFT_VERSION = 5.0;
			};
			name = Debug;
		};
		443F3B992B0FCF040099E614 /* Release */ = {
			isa = XCBuildConfiguration;
			buildSettings = {
				CODE_SIGN_STYLE = Automatic;
				DEVELOPMENT_TEAM = XB7GA2R58L;
				ENABLE_HARDENED_RUNTIME = YES;
				PRODUCT_NAME = "$(TARGET_NAME)";
				SWIFT_VERSION = 5.0;
			};
			name = Release;
		};
		443F3BA12B0FCF050099E614 /* Debug */ = {
			isa = XCBuildConfiguration;
			buildSettings = {
				CODE_SIGN_STYLE = Automatic;
				DEVELOPMENT_TEAM = XB7GA2R58L;
				ENABLE_HARDENED_RUNTIME = YES;
				PRODUCT_NAME = "$(TARGET_NAME)";
				SWIFT_VERSION = 5.0;
			};
			name = Debug;
		};
		443F3BA22B0FCF050099E614 /* Release */ = {
			isa = XCBuildConfiguration;
			buildSettings = {
				CODE_SIGN_STYLE = Automatic;
				DEVELOPMENT_TEAM = XB7GA2R58L;
				ENABLE_HARDENED_RUNTIME = YES;
				PRODUCT_NAME = "$(TARGET_NAME)";
				SWIFT_VERSION = 5.0;
			};
			name = Release;
		};
		443F3BAA2B0FCF3D0099E614 /* Debug */ = {
			isa = XCBuildConfiguration;
			buildSettings = {
				CODE_SIGN_STYLE = Automatic;
				DEVELOPMENT_TEAM = XB7GA2R58L;
				ENABLE_HARDENED_RUNTIME = YES;
				PRODUCT_NAME = "$(TARGET_NAME)";
				SWIFT_VERSION = 5.0;
			};
			name = Debug;
		};
		443F3BAB2B0FCF3D0099E614 /* Release */ = {
			isa = XCBuildConfiguration;
			buildSettings = {
				CODE_SIGN_STYLE = Automatic;
				DEVELOPMENT_TEAM = XB7GA2R58L;
				ENABLE_HARDENED_RUNTIME = YES;
				PRODUCT_NAME = "$(TARGET_NAME)";
				SWIFT_VERSION = 5.0;
			};
			name = Release;
		};
		443F3BB32B0FCF3E0099E614 /* Debug */ = {
			isa = XCBuildConfiguration;
			buildSettings = {
				CODE_SIGN_STYLE = Automatic;
				DEVELOPMENT_TEAM = XB7GA2R58L;
				ENABLE_HARDENED_RUNTIME = YES;
				PRODUCT_NAME = "$(TARGET_NAME)";
				SWIFT_VERSION = 5.0;
			};
			name = Debug;
		};
		443F3BB42B0FCF3E0099E614 /* Release */ = {
			isa = XCBuildConfiguration;
			buildSettings = {
				CODE_SIGN_STYLE = Automatic;
				DEVELOPMENT_TEAM = XB7GA2R58L;
				ENABLE_HARDENED_RUNTIME = YES;
				PRODUCT_NAME = "$(TARGET_NAME)";
				SWIFT_VERSION = 5.0;
			};
			name = Release;
		};
		443F3BBC2B0FCF3F0099E614 /* Debug */ = {
			isa = XCBuildConfiguration;
			buildSettings = {
				CODE_SIGN_STYLE = Automatic;
				DEVELOPMENT_TEAM = XB7GA2R58L;
				ENABLE_HARDENED_RUNTIME = YES;
				PRODUCT_NAME = "$(TARGET_NAME)";
				SWIFT_VERSION = 5.0;
			};
			name = Debug;
		};
		443F3BBD2B0FCF3F0099E614 /* Release */ = {
			isa = XCBuildConfiguration;
			buildSettings = {
				CODE_SIGN_STYLE = Automatic;
				DEVELOPMENT_TEAM = XB7GA2R58L;
				ENABLE_HARDENED_RUNTIME = YES;
				PRODUCT_NAME = "$(TARGET_NAME)";
				SWIFT_VERSION = 5.0;
			};
			name = Release;
		};
		443F3BC52B0FCF400099E614 /* Debug */ = {
			isa = XCBuildConfiguration;
			buildSettings = {
				CODE_SIGN_STYLE = Automatic;
				DEVELOPMENT_TEAM = XB7GA2R58L;
				ENABLE_HARDENED_RUNTIME = YES;
				PRODUCT_NAME = "$(TARGET_NAME)";
				SWIFT_VERSION = 5.0;
			};
			name = Debug;
		};
		443F3BC62B0FCF400099E614 /* Release */ = {
			isa = XCBuildConfiguration;
			buildSettings = {
				CODE_SIGN_STYLE = Automatic;
				DEVELOPMENT_TEAM = XB7GA2R58L;
				ENABLE_HARDENED_RUNTIME = YES;
				PRODUCT_NAME = "$(TARGET_NAME)";
				SWIFT_VERSION = 5.0;
			};
			name = Release;
		};
		443F3BCE2B0FCF420099E614 /* Debug */ = {
			isa = XCBuildConfiguration;
			buildSettings = {
				CODE_SIGN_STYLE = Automatic;
				DEVELOPMENT_TEAM = XB7GA2R58L;
				ENABLE_HARDENED_RUNTIME = YES;
				PRODUCT_NAME = "$(TARGET_NAME)";
				SWIFT_VERSION = 5.0;
			};
			name = Debug;
		};
		443F3BCF2B0FCF420099E614 /* Release */ = {
			isa = XCBuildConfiguration;
			buildSettings = {
				CODE_SIGN_STYLE = Automatic;
				DEVELOPMENT_TEAM = XB7GA2R58L;
				ENABLE_HARDENED_RUNTIME = YES;
				PRODUCT_NAME = "$(TARGET_NAME)";
				SWIFT_VERSION = 5.0;
			};
			name = Release;
		};
/* End XCBuildConfiguration section */

/* Begin XCConfigurationList section */
		443F3AC42B0FB8DB0099E614 /* Build configuration list for PBXProject "Advent of Code 2023" */ = {
			isa = XCConfigurationList;
			buildConfigurations = (
				443F3ACE2B0FB8DB0099E614 /* Debug */,
				443F3ACF2B0FB8DB0099E614 /* Release */,
			);
			defaultConfigurationIsVisible = 0;
			defaultConfigurationName = Release;
		};
		443F3AF62B0FCEAE0099E614 /* Build configuration list for PBXNativeTarget "Day 01" */ = {
			isa = XCConfigurationList;
			buildConfigurations = (
				443F3AF72B0FCEAE0099E614 /* Debug */,
				443F3AF82B0FCEAE0099E614 /* Release */,
			);
			defaultConfigurationIsVisible = 0;
			defaultConfigurationName = Release;
		};
		443F3AFE2B0FCEB20099E614 /* Build configuration list for PBXNativeTarget "Day 02" */ = {
			isa = XCConfigurationList;
			buildConfigurations = (
				443F3AFF2B0FCEB20099E614 /* Debug */,
				443F3B002B0FCEB20099E614 /* Release */,
			);
			defaultConfigurationIsVisible = 0;
			defaultConfigurationName = Release;
		};
		443F3B072B0FCEB60099E614 /* Build configuration list for PBXNativeTarget "Day 03" */ = {
			isa = XCConfigurationList;
			buildConfigurations = (
				443F3B082B0FCEB60099E614 /* Debug */,
				443F3B092B0FCEB60099E614 /* Release */,
			);
			defaultConfigurationIsVisible = 0;
			defaultConfigurationName = Release;
		};
		443F3B102B0FCEB70099E614 /* Build configuration list for PBXNativeTarget "Day 04" */ = {
			isa = XCConfigurationList;
			buildConfigurations = (
				443F3B112B0FCEB70099E614 /* Debug */,
				443F3B122B0FCEB70099E614 /* Release */,
			);
			defaultConfigurationIsVisible = 0;
			defaultConfigurationName = Release;
		};
		443F3B192B0FCEB90099E614 /* Build configuration list for PBXNativeTarget "Day 05" */ = {
			isa = XCConfigurationList;
			buildConfigurations = (
				443F3B1A2B0FCEB90099E614 /* Debug */,
				443F3B1B2B0FCEB90099E614 /* Release */,
			);
			defaultConfigurationIsVisible = 0;
			defaultConfigurationName = Release;
		};
		443F3B222B0FCEBA0099E614 /* Build configuration list for PBXNativeTarget "Day 06" */ = {
			isa = XCConfigurationList;
			buildConfigurations = (
				443F3B232B0FCEBA0099E614 /* Debug */,
				443F3B242B0FCEBA0099E614 /* Release */,
			);
			defaultConfigurationIsVisible = 0;
			defaultConfigurationName = Release;
		};
		443F3B2B2B0FCEBD0099E614 /* Build configuration list for PBXNativeTarget "Day 07" */ = {
			isa = XCConfigurationList;
			buildConfigurations = (
				443F3B2C2B0FCEBD0099E614 /* Debug */,
				443F3B2D2B0FCEBD0099E614 /* Release */,
			);
			defaultConfigurationIsVisible = 0;
			defaultConfigurationName = Release;
		};
		443F3B342B0FCEC00099E614 /* Build configuration list for PBXNativeTarget "Day 08" */ = {
			isa = XCConfigurationList;
			buildConfigurations = (
				443F3B352B0FCEC00099E614 /* Debug */,
				443F3B362B0FCEC00099E614 /* Release */,
			);
			defaultConfigurationIsVisible = 0;
			defaultConfigurationName = Release;
		};
		443F3B3D2B0FCEC00099E614 /* Build configuration list for PBXNativeTarget "Day 09" */ = {
			isa = XCConfigurationList;
			buildConfigurations = (
				443F3B3E2B0FCEC00099E614 /* Debug */,
				443F3B3F2B0FCEC00099E614 /* Release */,
			);
			defaultConfigurationIsVisible = 0;
			defaultConfigurationName = Release;
		};
		443F3B462B0FCEC10099E614 /* Build configuration list for PBXNativeTarget "Day 10" */ = {
			isa = XCConfigurationList;
			buildConfigurations = (
				443F3B472B0FCEC10099E614 /* Debug */,
				443F3B482B0FCEC10099E614 /* Release */,
			);
			defaultConfigurationIsVisible = 0;
			defaultConfigurationName = Release;
		};
		443F3B4F2B0FCEF80099E614 /* Build configuration list for PBXNativeTarget "Day 11" */ = {
			isa = XCConfigurationList;
			buildConfigurations = (
				443F3B502B0FCEF80099E614 /* Debug */,
				443F3B512B0FCEF80099E614 /* Release */,
			);
			defaultConfigurationIsVisible = 0;
			defaultConfigurationName = Release;
		};
		443F3B582B0FCEFA0099E614 /* Build configuration list for PBXNativeTarget "Day 12" */ = {
			isa = XCConfigurationList;
			buildConfigurations = (
				443F3B592B0FCEFA0099E614 /* Debug */,
				443F3B5A2B0FCEFA0099E614 /* Release */,
			);
			defaultConfigurationIsVisible = 0;
			defaultConfigurationName = Release;
		};
		443F3B612B0FCEFC0099E614 /* Build configuration list for PBXNativeTarget "Day 13" */ = {
			isa = XCConfigurationList;
			buildConfigurations = (
				443F3B622B0FCEFC0099E614 /* Debug */,
				443F3B632B0FCEFC0099E614 /* Release */,
			);
			defaultConfigurationIsVisible = 0;
			defaultConfigurationName = Release;
		};
		443F3B6A2B0FCEFD0099E614 /* Build configuration list for PBXNativeTarget "Day 14" */ = {
			isa = XCConfigurationList;
			buildConfigurations = (
				443F3B6B2B0FCEFD0099E614 /* Debug */,
				443F3B6C2B0FCEFD0099E614 /* Release */,
			);
			defaultConfigurationIsVisible = 0;
			defaultConfigurationName = Release;
		};
		443F3B732B0FCEFF0099E614 /* Build configuration list for PBXNativeTarget "Day 15" */ = {
			isa = XCConfigurationList;
			buildConfigurations = (
				443F3B742B0FCEFF0099E614 /* Debug */,
				443F3B752B0FCEFF0099E614 /* Release */,
			);
			defaultConfigurationIsVisible = 0;
			defaultConfigurationName = Release;
		};
		443F3B7C2B0FCF010099E614 /* Build configuration list for PBXNativeTarget "Day 16" */ = {
			isa = XCConfigurationList;
			buildConfigurations = (
				443F3B7D2B0FCF010099E614 /* Debug */,
				443F3B7E2B0FCF010099E614 /* Release */,
			);
			defaultConfigurationIsVisible = 0;
			defaultConfigurationName = Release;
		};
		443F3B852B0FCF020099E614 /* Build configuration list for PBXNativeTarget "Day 17" */ = {
			isa = XCConfigurationList;
			buildConfigurations = (
				443F3B862B0FCF020099E614 /* Debug */,
				443F3B872B0FCF020099E614 /* Release */,
			);
			defaultConfigurationIsVisible = 0;
			defaultConfigurationName = Release;
		};
		443F3B8E2B0FCF030099E614 /* Build configuration list for PBXNativeTarget "Day 18" */ = {
			isa = XCConfigurationList;
			buildConfigurations = (
				443F3B8F2B0FCF030099E614 /* Debug */,
				443F3B902B0FCF030099E614 /* Release */,
			);
			defaultConfigurationIsVisible = 0;
			defaultConfigurationName = Release;
		};
		443F3B972B0FCF040099E614 /* Build configuration list for PBXNativeTarget "Day 19" */ = {
			isa = XCConfigurationList;
			buildConfigurations = (
				443F3B982B0FCF040099E614 /* Debug */,
				443F3B992B0FCF040099E614 /* Release */,
			);
			defaultConfigurationIsVisible = 0;
			defaultConfigurationName = Release;
		};
		443F3BA02B0FCF050099E614 /* Build configuration list for PBXNativeTarget "Day 20" */ = {
			isa = XCConfigurationList;
			buildConfigurations = (
				443F3BA12B0FCF050099E614 /* Debug */,
				443F3BA22B0FCF050099E614 /* Release */,
			);
			defaultConfigurationIsVisible = 0;
			defaultConfigurationName = Release;
		};
		443F3BA92B0FCF3D0099E614 /* Build configuration list for PBXNativeTarget "Day 21" */ = {
			isa = XCConfigurationList;
			buildConfigurations = (
				443F3BAA2B0FCF3D0099E614 /* Debug */,
				443F3BAB2B0FCF3D0099E614 /* Release */,
			);
			defaultConfigurationIsVisible = 0;
			defaultConfigurationName = Release;
		};
		443F3BB22B0FCF3E0099E614 /* Build configuration list for PBXNativeTarget "Day 22" */ = {
			isa = XCConfigurationList;
			buildConfigurations = (
				443F3BB32B0FCF3E0099E614 /* Debug */,
				443F3BB42B0FCF3E0099E614 /* Release */,
			);
			defaultConfigurationIsVisible = 0;
			defaultConfigurationName = Release;
		};
		443F3BBB2B0FCF3F0099E614 /* Build configuration list for PBXNativeTarget "Day 23" */ = {
			isa = XCConfigurationList;
			buildConfigurations = (
				443F3BBC2B0FCF3F0099E614 /* Debug */,
				443F3BBD2B0FCF3F0099E614 /* Release */,
			);
			defaultConfigurationIsVisible = 0;
			defaultConfigurationName = Release;
		};
		443F3BC42B0FCF400099E614 /* Build configuration list for PBXNativeTarget "Day 24" */ = {
			isa = XCConfigurationList;
			buildConfigurations = (
				443F3BC52B0FCF400099E614 /* Debug */,
				443F3BC62B0FCF400099E614 /* Release */,
			);
			defaultConfigurationIsVisible = 0;
			defaultConfigurationName = Release;
		};
		443F3BCD2B0FCF420099E614 /* Build configuration list for PBXNativeTarget "Day 25" */ = {
			isa = XCConfigurationList;
			buildConfigurations = (
				443F3BCE2B0FCF420099E614 /* Debug */,
				443F3BCF2B0FCF420099E614 /* Release */,
			);
			defaultConfigurationIsVisible = 0;
			defaultConfigurationName = Release;
		};
/* End XCConfigurationList section */
	};
	rootObject = 443F3AC12B0FB8DB0099E614 /* Project object */;
}
